// !$*UTF8*$!
{
	archiveVersion = 1;
	classes = {
	};
	objectVersion = 45;
	objects = {

/* Begin PBXBuildFile section */
		198ADC3314E4158200D239A7 /* UIKitPrjAccelerometer.m in Sources */ = {isa = PBXBuildFile; fileRef = 198ADC1614E4158200D239A7 /* UIKitPrjAccelerometer.m */; };
		198ADC3414E4158200D239A7 /* UIKitPrjButton.m in Sources */ = {isa = PBXBuildFile; fileRef = 198ADC1814E4158200D239A7 /* UIKitPrjButton.m */; };
		198ADC3514E4158200D239A7 /* UIKitPrjDoubleSlide.m in Sources */ = {isa = PBXBuildFile; fileRef = 198ADC1A14E4158200D239A7 /* UIKitPrjDoubleSlide.m */; };
		198ADC3614E4158200D239A7 /* UIKitPrjDoubleTap.m in Sources */ = {isa = PBXBuildFile; fileRef = 198ADC1C14E4158200D239A7 /* UIKitPrjDoubleTap.m */; };
		198ADC3714E4158200D239A7 /* UIKitPrjDoubleTouch.m in Sources */ = {isa = PBXBuildFile; fileRef = 198ADC1E14E4158200D239A7 /* UIKitPrjDoubleTouch.m */; };
		198ADC3814E4158200D239A7 /* UIKitPrjDrag.m in Sources */ = {isa = PBXBuildFile; fileRef = 198ADC2014E4158200D239A7 /* UIKitPrjDrag.m */; };
		198ADC3914E4158200D239A7 /* UIKitPrjFlick.m in Sources */ = {isa = PBXBuildFile; fileRef = 198ADC2214E4158200D239A7 /* UIKitPrjFlick.m */; };
		198ADC3A14E4158200D239A7 /* UIKitPrjMotion.m in Sources */ = {isa = PBXBuildFile; fileRef = 198ADC2414E4158200D239A7 /* UIKitPrjMotion.m */; };
		198ADC3B14E4158200D239A7 /* UIKitPrjPinch.m in Sources */ = {isa = PBXBuildFile; fileRef = 198ADC2614E4158200D239A7 /* UIKitPrjPinch.m */; };
		198ADC3C14E4158200D239A7 /* UIKitPrjResponderChain.m in Sources */ = {isa = PBXBuildFile; fileRef = 198ADC2814E4158200D239A7 /* UIKitPrjResponderChain.m */; };
		198ADC3D14E4158200D239A7 /* UIKitPrjSlide.m in Sources */ = {isa = PBXBuildFile; fileRef = 198ADC2A14E4158200D239A7 /* UIKitPrjSlide.m */; };
		198ADC3E14E4158200D239A7 /* UIKitPrjSlider.m in Sources */ = {isa = PBXBuildFile; fileRef = 198ADC2C14E4158200D239A7 /* UIKitPrjSlider.m */; };
		198ADC3F14E4158200D239A7 /* UIKitPrjTouchesBegan.m in Sources */ = {isa = PBXBuildFile; fileRef = 198ADC2E14E4158200D239A7 /* UIKitPrjTouchesBegan.m */; };
		198ADC4014E4158200D239A7 /* UIKitPrjTouchesTheLabel.m in Sources */ = {isa = PBXBuildFile; fileRef = 198ADC3014E4158200D239A7 /* UIKitPrjTouchesTheLabel.m */; };
		198ADC4114E4158200D239A7 /* UIKitPrjTripleTap.m in Sources */ = {isa = PBXBuildFile; fileRef = 198ADC3214E4158200D239A7 /* UIKitPrjTripleTap.m */; };
		19EC0E921463D8B5005EB115 /* libsqlite3.0.dylib in Frameworks */ = {isa = PBXBuildFile; fileRef = 19EC0E911463D8B5005EB115 /* libsqlite3.0.dylib */; };
		1D3623260D0F684500981E51 /* TouchSampleAppDelegate.m in Sources */ = {isa = PBXBuildFile; fileRef = 1D3623250D0F684500981E51 /* TouchSampleAppDelegate.m */; };
		1D60589B0D05DD56006BFB54 /* main.m in Sources */ = {isa = PBXBuildFile; fileRef = 29B97316FDCFA39411CA2CEA /* main.m */; };
		1D60589F0D05DD5A006BFB54 /* Foundation.framework in Frameworks */ = {isa = PBXBuildFile; fileRef = 1D30AB110D05D00D00671497 /* Foundation.framework */; };
		1DF5F4E00D08C38300B7A737 /* UIKit.framework in Frameworks */ = {isa = PBXBuildFile; fileRef = 1DF5F4DF0D08C38300B7A737 /* UIKit.framework */; };
		288765FD0DF74451002DB57D /* CoreGraphics.framework in Frameworks */ = {isa = PBXBuildFile; fileRef = 288765FC0DF74451002DB57D /* CoreGraphics.framework */; };
		5B89E88510537E5D000E76E5 /* dog.jpg in Resources */ = {isa = PBXBuildFile; fileRef = 5B89E88410537E5D000E76E5 /* dog.jpg */; };
		5BB27E23104CDC8500C22F05 /* chara1.png in Resources */ = {isa = PBXBuildFile; fileRef = 5BB27E21104CDC8500C22F05 /* chara1.png */; };
		5BB27E24104CDC8500C22F05 /* chara2.png in Resources */ = {isa = PBXBuildFile; fileRef = 5BB27E22104CDC8500C22F05 /* chara2.png */; };
		5BBA96951054405600F8DB45 /* metal.png in Resources */ = {isa = PBXBuildFile; fileRef = 5BBA96941054405600F8DB45 /* metal.png */; };
		5BF2C0D5104A8FB1002208B3 /* RootViewController.m in Sources */ = {isa = PBXBuildFile; fileRef = 5BF2C0D4104A8FB1002208B3 /* RootViewController.m */; };
/* End PBXBuildFile section */

/* Begin PBXFileReference section */
		198ADC1514E4158200D239A7 /* UIKitPrjAccelerometer.h */ = {isa = PBXFileReference; fileEncoding = 4; lastKnownFileType = sourcecode.c.h; path = UIKitPrjAccelerometer.h; sourceTree = "<group>"; };
		198ADC1614E4158200D239A7 /* UIKitPrjAccelerometer.m */ = {isa = PBXFileReference; fileEncoding = 4; lastKnownFileType = sourcecode.c.objc; path = UIKitPrjAccelerometer.m; sourceTree = "<group>"; };
		198ADC1714E4158200D239A7 /* UIKitPrjButton.h */ = {isa = PBXFileReference; fileEncoding = 4; lastKnownFileType = sourcecode.c.h; path = UIKitPrjButton.h; sourceTree = "<group>"; };
		198ADC1814E4158200D239A7 /* UIKitPrjButton.m */ = {isa = PBXFileReference; fileEncoding = 4; lastKnownFileType = sourcecode.c.objc; path = UIKitPrjButton.m; sourceTree = "<group>"; };
		198ADC1914E4158200D239A7 /* UIKitPrjDoubleSlide.h */ = {isa = PBXFileReference; fileEncoding = 4; lastKnownFileType = sourcecode.c.h; path = UIKitPrjDoubleSlide.h; sourceTree = "<group>"; };
		198ADC1A14E4158200D239A7 /* UIKitPrjDoubleSlide.m */ = {isa = PBXFileReference; fileEncoding = 4; lastKnownFileType = sourcecode.c.objc; path = UIKitPrjDoubleSlide.m; sourceTree = "<group>"; };
		198ADC1B14E4158200D239A7 /* UIKitPrjDoubleTap.h */ = {isa = PBXFileReference; fileEncoding = 4; lastKnownFileType = sourcecode.c.h; path = UIKitPrjDoubleTap.h; sourceTree = "<group>"; };
		198ADC1C14E4158200D239A7 /* UIKitPrjDoubleTap.m */ = {isa = PBXFileReference; fileEncoding = 4; lastKnownFileType = sourcecode.c.objc; path = UIKitPrjDoubleTap.m; sourceTree = "<group>"; };
		198ADC1D14E4158200D239A7 /* UIKitPrjDoubleTouch.h */ = {isa = PBXFileReference; fileEncoding = 4; lastKnownFileType = sourcecode.c.h; path = UIKitPrjDoubleTouch.h; sourceTree = "<group>"; };
		198ADC1E14E4158200D239A7 /* UIKitPrjDoubleTouch.m */ = {isa = PBXFileReference; fileEncoding = 4; lastKnownFileType = sourcecode.c.objc; path = UIKitPrjDoubleTouch.m; sourceTree = "<group>"; };
		198ADC1F14E4158200D239A7 /* UIKitPrjDrag.h */ = {isa = PBXFileReference; fileEncoding = 4; lastKnownFileType = sourcecode.c.h; path = UIKitPrjDrag.h; sourceTree = "<group>"; };
		198ADC2014E4158200D239A7 /* UIKitPrjDrag.m */ = {isa = PBXFileReference; fileEncoding = 4; lastKnownFileType = sourcecode.c.objc; path = UIKitPrjDrag.m; sourceTree = "<group>"; };
		198ADC2114E4158200D239A7 /* UIKitPrjFlick.h */ = {isa = PBXFileReference; fileEncoding = 4; lastKnownFileType = sourcecode.c.h; path = UIKitPrjFlick.h; sourceTree = "<group>"; };
		198ADC2214E4158200D239A7 /* UIKitPrjFlick.m */ = {isa = PBXFileReference; fileEncoding = 4; lastKnownFileType = sourcecode.c.objc; path = UIKitPrjFlick.m; sourceTree = "<group>"; };
		198ADC2314E4158200D239A7 /* UIKitPrjMotion.h */ = {isa = PBXFileReference; fileEncoding = 4; lastKnownFileType = sourcecode.c.h; path = UIKitPrjMotion.h; sourceTree = "<group>"; };
		198ADC2414E4158200D239A7 /* UIKitPrjMotion.m */ = {isa = PBXFileReference; fileEncoding = 4; lastKnownFileType = sourcecode.c.objc; path = UIKitPrjMotion.m; sourceTree = "<group>"; };
		198ADC2514E4158200D239A7 /* UIKitPrjPinch.h */ = {isa = PBXFileReference; fileEncoding = 4; lastKnownFileType = sourcecode.c.h; path = UIKitPrjPinch.h; sourceTree = "<group>"; };
		198ADC2614E4158200D239A7 /* UIKitPrjPinch.m */ = {isa = PBXFileReference; fileEncoding = 4; lastKnownFileType = sourcecode.c.objc; path = UIKitPrjPinch.m; sourceTree = "<group>"; };
		198ADC2714E4158200D239A7 /* UIKitPrjResponderChain.h */ = {isa = PBXFileReference; fileEncoding = 4; lastKnownFileType = sourcecode.c.h; path = UIKitPrjResponderChain.h; sourceTree = "<group>"; };
		198ADC2814E4158200D239A7 /* UIKitPrjResponderChain.m */ = {isa = PBXFileReference; fileEncoding = 4; lastKnownFileType = sourcecode.c.objc; path = UIKitPrjResponderChain.m; sourceTree = "<group>"; };
		198ADC2914E4158200D239A7 /* UIKitPrjSlide.h */ = {isa = PBXFileReference; fileEncoding = 4; lastKnownFileType = sourcecode.c.h; path = UIKitPrjSlide.h; sourceTree = "<group>"; };
		198ADC2A14E4158200D239A7 /* UIKitPrjSlide.m */ = {isa = PBXFileReference; fileEncoding = 4; lastKnownFileType = sourcecode.c.objc; path = UIKitPrjSlide.m; sourceTree = "<group>"; };
		198ADC2B14E4158200D239A7 /* UIKitPrjSlider.h */ = {isa = PBXFileReference; fileEncoding = 4; lastKnownFileType = sourcecode.c.h; path = UIKitPrjSlider.h; sourceTree = "<group>"; };
		198ADC2C14E4158200D239A7 /* UIKitPrjSlider.m */ = {isa = PBXFileReference; fileEncoding = 4; lastKnownFileType = sourcecode.c.objc; path = UIKitPrjSlider.m; sourceTree = "<group>"; };
		198ADC2D14E4158200D239A7 /* UIKitPrjTouchesBegan.h */ = {isa = PBXFileReference; fileEncoding = 4; lastKnownFileType = sourcecode.c.h; path = UIKitPrjTouchesBegan.h; sourceTree = "<group>"; };
		198ADC2E14E4158200D239A7 /* UIKitPrjTouchesBegan.m */ = {isa = PBXFileReference; fileEncoding = 4; lastKnownFileType = sourcecode.c.objc; path = UIKitPrjTouchesBegan.m; sourceTree = "<group>"; };
		198ADC2F14E4158200D239A7 /* UIKitPrjTouchesTheLabel.h */ = {isa = PBXFileReference; fileEncoding = 4; lastKnownFileType = sourcecode.c.h; path = UIKitPrjTouchesTheLabel.h; sourceTree = "<group>"; };
		198ADC3014E4158200D239A7 /* UIKitPrjTouchesTheLabel.m */ = {isa = PBXFileReference; fileEncoding = 4; lastKnownFileType = sourcecode.c.objc; path = UIKitPrjTouchesTheLabel.m; sourceTree = "<group>"; };
		198ADC3114E4158200D239A7 /* UIKitPrjTripleTap.h */ = {isa = PBXFileReference; fileEncoding = 4; lastKnownFileType = sourcecode.c.h; path = UIKitPrjTripleTap.h; sourceTree = "<group>"; };
		198ADC3214E4158200D239A7 /* UIKitPrjTripleTap.m */ = {isa = PBXFileReference; fileEncoding = 4; lastKnownFileType = sourcecode.c.objc; path = UIKitPrjTripleTap.m; sourceTree = "<group>"; };
		19EC0E911463D8B5005EB115 /* libsqlite3.0.dylib */ = {isa = PBXFileReference; lastKnownFileType = "compiled.mach-o.dylib"; name = libsqlite3.0.dylib; path = usr/lib/libsqlite3.0.dylib; sourceTree = SDKROOT; };
		1D30AB110D05D00D00671497 /* Foundation.framework */ = {isa = PBXFileReference; lastKnownFileType = wrapper.framework; name = Foundation.framework; path = System/Library/Frameworks/Foundation.framework; sourceTree = SDKROOT; };
		1D3623240D0F684500981E51 /* TouchSampleAppDelegate.h */ = {isa = PBXFileReference; fileEncoding = 4; lastKnownFileType = sourcecode.c.h; path = TouchSampleAppDelegate.h; sourceTree = "<group>"; };
		1D3623250D0F684500981E51 /* TouchSampleAppDelegate.m */ = {isa = PBXFileReference; fileEncoding = 4; lastKnownFileType = sourcecode.c.objc; path = TouchSampleAppDelegate.m; sourceTree = "<group>"; };
		1D6058910D05DD3D006BFB54 /* TouchSample.app */ = {isa = PBXFileReference; explicitFileType = wrapper.application; includeInIndex = 0; path = TouchSample.app; sourceTree = BUILT_PRODUCTS_DIR; };
		1DF5F4DF0D08C38300B7A737 /* UIKit.framework */ = {isa = PBXFileReference; lastKnownFileType = wrapper.framework; name = UIKit.framework; path = System/Library/Frameworks/UIKit.framework; sourceTree = SDKROOT; };
		288765FC0DF74451002DB57D /* CoreGraphics.framework */ = {isa = PBXFileReference; lastKnownFileType = wrapper.framework; name = CoreGraphics.framework; path = System/Library/Frameworks/CoreGraphics.framework; sourceTree = SDKROOT; };
		29B97316FDCFA39411CA2CEA /* main.m */ = {isa = PBXFileReference; fileEncoding = 4; lastKnownFileType = sourcecode.c.objc; path = main.m; sourceTree = "<group>"; };
		32CA4F630368D1EE00C91783 /* TouchSample_Prefix.pch */ = {isa = PBXFileReference; fileEncoding = 4; lastKnownFileType = sourcecode.c.h; path = TouchSample_Prefix.pch; sourceTree = "<group>"; };
		5B89E88410537E5D000E76E5 /* dog.jpg */ = {isa = PBXFileReference; lastKnownFileType = image.jpeg; name = dog.jpg; path = Images/dog.jpg; sourceTree = "<group>"; };
		5BB27E21104CDC8500C22F05 /* chara1.png */ = {isa = PBXFileReference; lastKnownFileType = image.png; name = chara1.png; path = Images/chara1.png; sourceTree = "<group>"; };
		5BB27E22104CDC8500C22F05 /* chara2.png */ = {isa = PBXFileReference; lastKnownFileType = image.png; name = chara2.png; path = Images/chara2.png; sourceTree = "<group>"; };
		5BBA96941054405600F8DB45 /* metal.png */ = {isa = PBXFileReference; lastKnownFileType = image.png; name = metal.png; path = Images/metal.png; sourceTree = "<group>"; };
		5BF2C0D3104A8FB1002208B3 /* RootViewController.h */ = {isa = PBXFileReference; fileEncoding = 4; lastKnownFileType = sourcecode.c.h; path = RootViewController.h; sourceTree = "<group>"; };
		5BF2C0D4104A8FB1002208B3 /* RootViewController.m */ = {isa = PBXFileReference; fileEncoding = 4; lastKnownFileType = sourcecode.c.objc; path = RootViewController.m; sourceTree = "<group>"; };
		8D1107310486CEB800E47090 /* TouchSample-Info.plist */ = {isa = PBXFileReference; fileEncoding = 4; lastKnownFileType = text.plist.xml; path = "TouchSample-Info.plist"; plistStructureDefinitionIdentifier = "com.apple.xcode.plist.structure-definition.iphone.info-plist"; sourceTree = "<group>"; };
/* End PBXFileReference section */

/* Begin PBXFrameworksBuildPhase section */
		1D60588F0D05DD3D006BFB54 /* Frameworks */ = {
			isa = PBXFrameworksBuildPhase;
			buildActionMask = 2147483647;
			files = (
				1D60589F0D05DD5A006BFB54 /* Foundation.framework in Frameworks */,
				1DF5F4E00D08C38300B7A737 /* UIKit.framework in Frameworks */,
				288765FD0DF74451002DB57D /* CoreGraphics.framework in Frameworks */,
				19EC0E921463D8B5005EB115 /* libsqlite3.0.dylib in Frameworks */,
			);
			runOnlyForDeploymentPostprocessing = 0;
		};
/* End PBXFrameworksBuildPhase section */

/* Begin PBXGroup section */
		080E96DDFE201D6D7F000001 /* Classes */ = {
			isa = PBXGroup;
			children = (
				198ADC1514E4158200D239A7 /* UIKitPrjAccelerometer.h */,
				198ADC1614E4158200D239A7 /* UIKitPrjAccelerometer.m */,
				198ADC1714E4158200D239A7 /* UIKitPrjButton.h */,
				198ADC1814E4158200D239A7 /* UIKitPrjButton.m */,
				198ADC1914E4158200D239A7 /* UIKitPrjDoubleSlide.h */,
				198ADC1A14E4158200D239A7 /* UIKitPrjDoubleSlide.m */,
				198ADC1B14E4158200D239A7 /* UIKitPrjDoubleTap.h */,
				198ADC1C14E4158200D239A7 /* UIKitPrjDoubleTap.m */,
				198ADC1D14E4158200D239A7 /* UIKitPrjDoubleTouch.h */,
				198ADC1E14E4158200D239A7 /* UIKitPrjDoubleTouch.m */,
				198ADC1F14E4158200D239A7 /* UIKitPrjDrag.h */,
				198ADC2014E4158200D239A7 /* UIKitPrjDrag.m */,
				198ADC2114E4158200D239A7 /* UIKitPrjFlick.h */,
				198ADC2214E4158200D239A7 /* UIKitPrjFlick.m */,
				198ADC2314E4158200D239A7 /* UIKitPrjMotion.h */,
				198ADC2414E4158200D239A7 /* UIKitPrjMotion.m */,
				198ADC2514E4158200D239A7 /* UIKitPrjPinch.h */,
				198ADC2614E4158200D239A7 /* UIKitPrjPinch.m */,
				198ADC2714E4158200D239A7 /* UIKitPrjResponderChain.h */,
				198ADC2814E4158200D239A7 /* UIKitPrjResponderChain.m */,
				198ADC2914E4158200D239A7 /* UIKitPrjSlide.h */,
				198ADC2A14E4158200D239A7 /* UIKitPrjSlide.m */,
				198ADC2B14E4158200D239A7 /* UIKitPrjSlider.h */,
				198ADC2C14E4158200D239A7 /* UIKitPrjSlider.m */,
				198ADC2D14E4158200D239A7 /* UIKitPrjTouchesBegan.h */,
				198ADC2E14E4158200D239A7 /* UIKitPrjTouchesBegan.m */,
				198ADC2F14E4158200D239A7 /* UIKitPrjTouchesTheLabel.h */,
				198ADC3014E4158200D239A7 /* UIKitPrjTouchesTheLabel.m */,
				198ADC3114E4158200D239A7 /* UIKitPrjTripleTap.h */,
				198ADC3214E4158200D239A7 /* UIKitPrjTripleTap.m */,
				5BF2C0D3104A8FB1002208B3 /* RootViewController.h */,
				5BF2C0D4104A8FB1002208B3 /* RootViewController.m */,
				1D3623240D0F684500981E51 /* TouchSampleAppDelegate.h */,
				1D3623250D0F684500981E51 /* TouchSampleAppDelegate.m */,
			);
			path = Classes;
			sourceTree = "<group>";
		};
		19C28FACFE9D520D11CA2CBB /* Products */ = {
			isa = PBXGroup;
			children = (
				1D6058910D05DD3D006BFB54 /* TouchSample.app */,
			);
			name = Products;
			sourceTree = "<group>";
		};
		29B97314FDCFA39411CA2CEA /* CustomTemplate */ = {
			isa = PBXGroup;
			children = (
				080E96DDFE201D6D7F000001 /* Classes */,
				29B97315FDCFA39411CA2CEA /* Other Sources */,
				29B97317FDCFA39411CA2CEA /* Resources */,
				29B97323FDCFA39411CA2CEA /* Frameworks */,
				19C28FACFE9D520D11CA2CBB /* Products */,
			);
			name = CustomTemplate;
			sourceTree = "<group>";
		};
		29B97315FDCFA39411CA2CEA /* Other Sources */ = {
			isa = PBXGroup;
			children = (
				32CA4F630368D1EE00C91783 /* TouchSample_Prefix.pch */,
				29B97316FDCFA39411CA2CEA /* main.m */,
			);
			name = "Other Sources";
			sourceTree = "<group>";
		};
		29B97317FDCFA39411CA2CEA /* Resources */ = {
			isa = PBXGroup;
			children = (
				5BBA96941054405600F8DB45 /* metal.png */,
				5B89E88410537E5D000E76E5 /* dog.jpg */,
				5BB27E21104CDC8500C22F05 /* chara1.png */,
				5BB27E22104CDC8500C22F05 /* chara2.png */,
				8D1107310486CEB800E47090 /* TouchSample-Info.plist */,
			);
			name = Resources;
			sourceTree = "<group>";
		};
		29B97323FDCFA39411CA2CEA /* Frameworks */ = {
			isa = PBXGroup;
			children = (
				1DF5F4DF0D08C38300B7A737 /* UIKit.framework */,
				1D30AB110D05D00D00671497 /* Foundation.framework */,
				288765FC0DF74451002DB57D /* CoreGraphics.framework */,
				19EC0E911463D8B5005EB115 /* libsqlite3.0.dylib */,
			);
			name = Frameworks;
			sourceTree = "<group>";
		};
/* End PBXGroup section */

/* Begin PBXNativeTarget section */
		1D6058900D05DD3D006BFB54 /* TouchSample */ = {
			isa = PBXNativeTarget;
			buildConfigurationList = 1D6058960D05DD3E006BFB54 /* Build configuration list for PBXNativeTarget "TouchSample" */;
			buildPhases = (
				1D60588D0D05DD3D006BFB54 /* Resources */,
				1D60588E0D05DD3D006BFB54 /* Sources */,
				1D60588F0D05DD3D006BFB54 /* Frameworks */,
			);
			buildRules = (
			);
			dependencies = (
			);
			name = TouchSample;
			productName = TouchSample;
			productReference = 1D6058910D05DD3D006BFB54 /* TouchSample.app */;
			productType = "com.apple.product-type.application";
		};
/* End PBXNativeTarget section */

/* Begin PBXProject section */
		29B97313FDCFA39411CA2CEA /* Project object */ = {
			isa = PBXProject;
			buildConfigurationList = C01FCF4E08A954540054247B /* Build configuration list for PBXProject "TouchSample" */;
			compatibilityVersion = "Xcode 3.1";
			developmentRegion = English;
			hasScannedForEncodings = 1;
			knownRegions = (
				English,
				Japanese,
				French,
				German,
			);
			mainGroup = 29B97314FDCFA39411CA2CEA /* CustomTemplate */;
			projectDirPath = "";
			projectRoot = "";
			targets = (
				1D6058900D05DD3D006BFB54 /* TouchSample */,
			);
		};
/* End PBXProject section */

/* Begin PBXResourcesBuildPhase section */
		1D60588D0D05DD3D006BFB54 /* Resources */ = {
			isa = PBXResourcesBuildPhase;
			buildActionMask = 2147483647;
			files = (
				5BB27E23104CDC8500C22F05 /* chara1.png in Resources */,
				5BB27E24104CDC8500C22F05 /* chara2.png in Resources */,
				5B89E88510537E5D000E76E5 /* dog.jpg in Resources */,
				5BBA96951054405600F8DB45 /* metal.png in Resources */,
			);
			runOnlyForDeploymentPostprocessing = 0;
		};
/* End PBXResourcesBuildPhase section */

/* Begin PBXSourcesBuildPhase section */
		1D60588E0D05DD3D006BFB54 /* Sources */ = {
			isa = PBXSourcesBuildPhase;
			buildActionMask = 2147483647;
			files = (
				1D60589B0D05DD56006BFB54 /* main.m in Sources */,
				1D3623260D0F684500981E51 /* TouchSampleAppDelegate.m in Sources */,
				5BF2C0D5104A8FB1002208B3 /* RootViewController.m in Sources */,
				198ADC3314E4158200D239A7 /* UIKitPrjAccelerometer.m in Sources */,
				198ADC3414E4158200D239A7 /* UIKitPrjButton.m in Sources */,
				198ADC3514E4158200D239A7 /* UIKitPrjDoubleSlide.m in Sources */,
				198ADC3614E4158200D239A7 /* UIKitPrjDoubleTap.m in Sources */,
				198ADC3714E4158200D239A7 /* UIKitPrjDoubleTouch.m in Sources */,
				198ADC3814E4158200D239A7 /* UIKitPrjDrag.m in Sources */,
				198ADC3914E4158200D239A7 /* UIKitPrjFlick.m in Sources */,
				198ADC3A14E4158200D239A7 /* UIKitPrjMotion.m in Sources */,
				198ADC3B14E4158200D239A7 /* UIKitPrjPinch.m in Sources */,
				198ADC3C14E4158200D239A7 /* UIKitPrjResponderChain.m in Sources */,
				198ADC3D14E4158200D239A7 /* UIKitPrjSlide.m in Sources */,
				198ADC3E14E4158200D239A7 /* UIKitPrjSlider.m in Sources */,
				198ADC3F14E4158200D239A7 /* UIKitPrjTouchesBegan.m in Sources */,
				198ADC4014E4158200D239A7 /* UIKitPrjTouchesTheLabel.m in Sources */,
				198ADC4114E4158200D239A7 /* UIKitPrjTripleTap.m in Sources */,
			);
			runOnlyForDeploymentPostprocessing = 0;
		};
/* End PBXSourcesBuildPhase section */

/* Begin XCBuildConfiguration section */
		1D6058940D05DD3E006BFB54 /* Debug */ = {
			isa = XCBuildConfiguration;
			buildSettings = {
				ALWAYS_SEARCH_USER_PATHS = NO;
				COPY_PHASE_STRIP = NO;
				GCC_DYNAMIC_NO_PIC = NO;
				GCC_OPTIMIZATION_LEVEL = 0;
				GCC_PRECOMPILE_PREFIX_HEADER = YES;
				GCC_PREFIX_HEADER = TouchSample_Prefix.pch;
				INFOPLIST_FILE = "TouchSample-Info.plist";
				PRODUCT_NAME = TouchSample;
			};
			name = Debug;
		};
		1D6058950D05DD3E006BFB54 /* Release */ = {
			isa = XCBuildConfiguration;
			buildSettings = {
				ALWAYS_SEARCH_USER_PATHS = NO;
				COPY_PHASE_STRIP = YES;
				GCC_PRECOMPILE_PREFIX_HEADER = YES;
				GCC_PREFIX_HEADER = TouchSample_Prefix.pch;
				INFOPLIST_FILE = "TouchSample-Info.plist";
				PRODUCT_NAME = TouchSample;
			};
			name = Release;
		};
		C01FCF4F08A954540054247B /* Debug */ = {
			isa = XCBuildConfiguration;
			buildSettings = {
				ARCHS = "$(ARCHS_STANDARD_32_BIT)";
				"CODE_SIGN_IDENTITY[sdk=iphoneos*]" = "iPhone Developer: wang zhigang (2SB5DPBT38)";
				GCC_C_LANGUAGE_STANDARD = c99;
				GCC_WARN_ABOUT_RETURN_TYPE = YES;
				GCC_WARN_UNUSED_VARIABLE = YES;
				IPHONEOS_DEPLOYMENT_TARGET = 3.0;
				PREBINDING = NO;
				"PROVISIONING_PROFILE[sdk=iphoneos*]" = "14DA38DA-BBE4-4157-B939-3E241D22A70D";
				SDKROOT = iphoneos;
			};
			name = Debug;
		};
		C01FCF5008A954540054247B /* Release */ = {
			isa = XCBuildConfiguration;
			buildSettings = {
				ARCHS = "$(ARCHS_STANDARD_32_BIT)";
				"CODE_SIGN_IDENTITY[sdk=iphoneos*]" = "iPhone Developer: wang zhigang (2SB5DPBT38)";
				GCC_C_LANGUAGE_STANDARD = c99;
				GCC_WARN_ABOUT_RETURN_TYPE = YES;
				GCC_WARN_UNUSED_VARIABLE = YES;
				PREBINDING = NO;
				"PROVISIONING_PROFILE[sdk=iphoneos*]" = "14DA38DA-BBE4-4157-B939-3E241D22A70D";
				SDKROOT = iphoneos;
			};
			name = Release;
		};
/* End XCBuildConfiguration section */

/* Begin XCConfigurationList section */
		1D6058960D05DD3E006BFB54 /* Build configuration list for PBXNativeTarget "TouchSample" */ = {
			isa = XCConfigurationList;
			buildConfigurations = (
				1D6058940D05DD3E006BFB54 /* Debug */,
				1D6058950D05DD3E006BFB54 /* Release */,
			);
			defaultConfigurationIsVisible = 0;
			defaultConfigurationName = Release;
		};
		C01FCF4E08A954540054247B /* Build configuration list for PBXProject "TouchSample" */ = {
			isa = XCConfigurationList;
			buildConfigurations = (
				C01FCF4F08A954540054247B /* Debug */,
				C01FCF5008A954540054247B /* Release */,
			);
			defaultConfigurationIsVisible = 0;
			defaultConfigurationName = Release;
		};
/* End XCConfigurationList section */
	};
	rootObject = 29B97313FDCFA39411CA2CEA /* Project object */;
}
