// !$*UTF8*$!
{
	archiveVersion = 1;
	classes = {
	};
	objectVersion = 45;
	objects = {

/* Begin PBXBuildFile section */
		198AD92014E3C65400D239A7 /* UIKitPrjIndicatorStyle.m in Sources */ = {isa = PBXBuildFile; fileRef = 198AD91B14E3C65400D239A7 /* UIKitPrjIndicatorStyle.m */; };
		198AD92114E3C65400D239A7 /* UIKitPrjPaging.m in Sources */ = {isa = PBXBuildFile; fileRef = 198AD91D14E3C65400D239A7 /* UIKitPrjPaging.m */; };
		198AD92214E3C65400D239A7 /* UIKitPrjScrollView.m in Sources */ = {isa = PBXBuildFile; fileRef = 198AD91F14E3C65400D239A7 /* UIKitPrjScrollView.m */; };
		198CE57414ECFFA300450E06 /* UIKitPrjScrollPaging.m in Sources */ = {isa = PBXBuildFile; fileRef = 198CE57314ECFFA300450E06 /* UIKitPrjScrollPaging.m */; };
		198CE57D14ED030B00450E06 /* html5.png in Resources */ = {isa = PBXBuildFile; fileRef = 198CE57714ED030B00450E06 /* html5.png */; };
		198CE57E14ED030B00450E06 /* iphone1.jpg in Resources */ = {isa = PBXBuildFile; fileRef = 198CE57814ED030B00450E06 /* iphone1.jpg */; };
		198CE57F14ED030B00450E06 /* iphone2.jpg in Resources */ = {isa = PBXBuildFile; fileRef = 198CE57914ED030B00450E06 /* iphone2.jpg */; };
		198CE58014ED030B00450E06 /* jQuery.png in Resources */ = {isa = PBXBuildFile; fileRef = 198CE57A14ED030B00450E06 /* jQuery.png */; };
		198CE58114ED030B00450E06 /* mysql.jpg in Resources */ = {isa = PBXBuildFile; fileRef = 198CE57B14ED030B00450E06 /* mysql.jpg */; };
		198CE58214ED030B00450E06 /* PHP5.jpg in Resources */ = {isa = PBXBuildFile; fileRef = 198CE57C14ED030B00450E06 /* PHP5.jpg */; };
		1D3623260D0F684500981E51 /* UIScrollViewSampleAppDelegate.m in Sources */ = {isa = PBXBuildFile; fileRef = 1D3623250D0F684500981E51 /* UIScrollViewSampleAppDelegate.m */; };
		1D60589B0D05DD56006BFB54 /* main.m in Sources */ = {isa = PBXBuildFile; fileRef = 29B97316FDCFA39411CA2CEA /* main.m */; };
		1D60589F0D05DD5A006BFB54 /* Foundation.framework in Frameworks */ = {isa = PBXBuildFile; fileRef = 1D30AB110D05D00D00671497 /* Foundation.framework */; };
		1DF5F4E00D08C38300B7A737 /* UIKit.framework in Frameworks */ = {isa = PBXBuildFile; fileRef = 1DF5F4DF0D08C38300B7A737 /* UIKit.framework */; };
		288765FD0DF74451002DB57D /* CoreGraphics.framework in Frameworks */ = {isa = PBXBuildFile; fileRef = 288765FC0DF74451002DB57D /* CoreGraphics.framework */; };
		5B3A665E108DFAAB0053C886 /* RootViewController.m in Sources */ = {isa = PBXBuildFile; fileRef = 5B3A665B108DFAAB0053C886 /* RootViewController.m */; };
		5B3A6661108DFAD50053C886 /* town.jpg in Resources */ = {isa = PBXBuildFile; fileRef = 5B3A6660108DFAD50053C886 /* town.jpg */; };
/* End PBXBuildFile section */

/* Begin PBXFileReference section */
		198AD91A14E3C65400D239A7 /* UIKitPrjIndicatorStyle.h */ = {isa = PBXFileReference; fileEncoding = 4; lastKnownFileType = sourcecode.c.h; path = UIKitPrjIndicatorStyle.h; sourceTree = "<group>"; };
		198AD91B14E3C65400D239A7 /* UIKitPrjIndicatorStyle.m */ = {isa = PBXFileReference; fileEncoding = 4; lastKnownFileType = sourcecode.c.objc; path = UIKitPrjIndicatorStyle.m; sourceTree = "<group>"; };
		198AD91C14E3C65400D239A7 /* UIKitPrjPaging.h */ = {isa = PBXFileReference; fileEncoding = 4; lastKnownFileType = sourcecode.c.h; path = UIKitPrjPaging.h; sourceTree = "<group>"; };
		198AD91D14E3C65400D239A7 /* UIKitPrjPaging.m */ = {isa = PBXFileReference; fileEncoding = 4; lastKnownFileType = sourcecode.c.objc; path = UIKitPrjPaging.m; sourceTree = "<group>"; };
		198AD91E14E3C65400D239A7 /* UIKitPrjScrollView.h */ = {isa = PBXFileReference; fileEncoding = 4; lastKnownFileType = sourcecode.c.h; path = UIKitPrjScrollView.h; sourceTree = "<group>"; };
		198AD91F14E3C65400D239A7 /* UIKitPrjScrollView.m */ = {isa = PBXFileReference; fileEncoding = 4; lastKnownFileType = sourcecode.c.objc; path = UIKitPrjScrollView.m; sourceTree = "<group>"; };
		198CE57214ECFFA300450E06 /* UIKitPrjScrollPaging.h */ = {isa = PBXFileReference; fileEncoding = 4; lastKnownFileType = sourcecode.c.h; path = UIKitPrjScrollPaging.h; sourceTree = "<group>"; };
		198CE57314ECFFA300450E06 /* UIKitPrjScrollPaging.m */ = {isa = PBXFileReference; fileEncoding = 4; lastKnownFileType = sourcecode.c.objc; path = UIKitPrjScrollPaging.m; sourceTree = "<group>"; };
		198CE57714ED030B00450E06 /* html5.png */ = {isa = PBXFileReference; lastKnownFileType = image.png; name = html5.png; path = Images/html5.png; sourceTree = "<group>"; };
		198CE57814ED030B00450E06 /* iphone1.jpg */ = {isa = PBXFileReference; lastKnownFileType = image.jpeg; name = iphone1.jpg; path = Images/iphone1.jpg; sourceTree = "<group>"; };
		198CE57914ED030B00450E06 /* iphone2.jpg */ = {isa = PBXFileReference; lastKnownFileType = image.jpeg; name = iphone2.jpg; path = Images/iphone2.jpg; sourceTree = "<group>"; };
		198CE57A14ED030B00450E06 /* jQuery.png */ = {isa = PBXFileReference; lastKnownFileType = image.png; name = jQuery.png; path = Images/jQuery.png; sourceTree = "<group>"; };
		198CE57B14ED030B00450E06 /* mysql.jpg */ = {isa = PBXFileReference; lastKnownFileType = image.jpeg; name = mysql.jpg; path = Images/mysql.jpg; sourceTree = "<group>"; };
		198CE57C14ED030B00450E06 /* PHP5.jpg */ = {isa = PBXFileReference; lastKnownFileType = image.jpeg; name = PHP5.jpg; path = Images/PHP5.jpg; sourceTree = "<group>"; };
		1D30AB110D05D00D00671497 /* Foundation.framework */ = {isa = PBXFileReference; lastKnownFileType = wrapper.framework; name = Foundation.framework; path = System/Library/Frameworks/Foundation.framework; sourceTree = SDKROOT; };
		1D3623240D0F684500981E51 /* UIScrollViewSampleAppDelegate.h */ = {isa = PBXFileReference; fileEncoding = 4; lastKnownFileType = sourcecode.c.h; path = UIScrollViewSampleAppDelegate.h; sourceTree = "<group>"; };
		1D3623250D0F684500981E51 /* UIScrollViewSampleAppDelegate.m */ = {isa = PBXFileReference; fileEncoding = 4; lastKnownFileType = sourcecode.c.objc; path = UIScrollViewSampleAppDelegate.m; sourceTree = "<group>"; };
		1D6058910D05DD3D006BFB54 /* UIScrollViewSample.app */ = {isa = PBXFileReference; explicitFileType = wrapper.application; includeInIndex = 0; path = UIScrollViewSample.app; sourceTree = BUILT_PRODUCTS_DIR; };
		1DF5F4DF0D08C38300B7A737 /* UIKit.framework */ = {isa = PBXFileReference; lastKnownFileType = wrapper.framework; name = UIKit.framework; path = System/Library/Frameworks/UIKit.framework; sourceTree = SDKROOT; };
		288765FC0DF74451002DB57D /* CoreGraphics.framework */ = {isa = PBXFileReference; lastKnownFileType = wrapper.framework; name = CoreGraphics.framework; path = System/Library/Frameworks/CoreGraphics.framework; sourceTree = SDKROOT; };
		29B97316FDCFA39411CA2CEA /* main.m */ = {isa = PBXFileReference; fileEncoding = 4; lastKnownFileType = sourcecode.c.objc; path = main.m; sourceTree = "<group>"; };
		32CA4F630368D1EE00C91783 /* UIScrollViewSample_Prefix.pch */ = {isa = PBXFileReference; fileEncoding = 4; lastKnownFileType = sourcecode.c.h; path = UIScrollViewSample_Prefix.pch; sourceTree = "<group>"; };
		5B3A665A108DFAAB0053C886 /* RootViewController.h */ = {isa = PBXFileReference; fileEncoding = 4; lastKnownFileType = sourcecode.c.h; path = RootViewController.h; sourceTree = "<group>"; };
		5B3A665B108DFAAB0053C886 /* RootViewController.m */ = {isa = PBXFileReference; fileEncoding = 4; lastKnownFileType = sourcecode.c.objc; path = RootViewController.m; sourceTree = "<group>"; };
		5B3A6660108DFAD50053C886 /* town.jpg */ = {isa = PBXFileReference; lastKnownFileType = image.jpeg; name = town.jpg; path = Images/town.jpg; sourceTree = "<group>"; };
		8D1107310486CEB800E47090 /* UIScrollViewSample-Info.plist */ = {isa = PBXFileReference; fileEncoding = 4; lastKnownFileType = text.plist.xml; path = "UIScrollViewSample-Info.plist"; plistStructureDefinitionIdentifier = "com.apple.xcode.plist.structure-definition.iphone.info-plist"; sourceTree = "<group>"; };
/* End PBXFileReference section */

/* Begin PBXFrameworksBuildPhase section */
		1D60588F0D05DD3D006BFB54 /* Frameworks */ = {
			isa = PBXFrameworksBuildPhase;
			buildActionMask = 2147483647;
			files = (
				1D60589F0D05DD5A006BFB54 /* Foundation.framework in Frameworks */,
				1DF5F4E00D08C38300B7A737 /* UIKit.framework in Frameworks */,
				288765FD0DF74451002DB57D /* CoreGraphics.framework in Frameworks */,
			);
			runOnlyForDeploymentPostprocessing = 0;
		};
/* End PBXFrameworksBuildPhase section */

/* Begin PBXGroup section */
		080E96DDFE201D6D7F000001 /* Classes */ = {
			isa = PBXGroup;
			children = (
				198AD91A14E3C65400D239A7 /* UIKitPrjIndicatorStyle.h */,
				198AD91B14E3C65400D239A7 /* UIKitPrjIndicatorStyle.m */,
				198AD91C14E3C65400D239A7 /* UIKitPrjPaging.h */,
				198AD91D14E3C65400D239A7 /* UIKitPrjPaging.m */,
				198AD91E14E3C65400D239A7 /* UIKitPrjScrollView.h */,
				198AD91F14E3C65400D239A7 /* UIKitPrjScrollView.m */,
				5B3A665A108DFAAB0053C886 /* RootViewController.h */,
				5B3A665B108DFAAB0053C886 /* RootViewController.m */,
				1D3623240D0F684500981E51 /* UIScrollViewSampleAppDelegate.h */,
				1D3623250D0F684500981E51 /* UIScrollViewSampleAppDelegate.m */,
				198CE57214ECFFA300450E06 /* UIKitPrjScrollPaging.h */,
				198CE57314ECFFA300450E06 /* UIKitPrjScrollPaging.m */,
			);
			path = Classes;
			sourceTree = "<group>";
		};
		19C28FACFE9D520D11CA2CBB /* Products */ = {
			isa = PBXGroup;
			children = (
				1D6058910D05DD3D006BFB54 /* UIScrollViewSample.app */,
			);
			name = Products;
			sourceTree = "<group>";
		};
		29B97314FDCFA39411CA2CEA /* CustomTemplate */ = {
			isa = PBXGroup;
			children = (
				080E96DDFE201D6D7F000001 /* Classes */,
				29B97315FDCFA39411CA2CEA /* Other Sources */,
				29B97317FDCFA39411CA2CEA /* Resources */,
				29B97323FDCFA39411CA2CEA /* Frameworks */,
				19C28FACFE9D520D11CA2CBB /* Products */,
			);
			name = CustomTemplate;
			sourceTree = "<group>";
		};
		29B97315FDCFA39411CA2CEA /* Other Sources */ = {
			isa = PBXGroup;
			children = (
				32CA4F630368D1EE00C91783 /* UIScrollViewSample_Prefix.pch */,
				29B97316FDCFA39411CA2CEA /* main.m */,
			);
			name = "Other Sources";
			sourceTree = "<group>";
		};
		29B97317FDCFA39411CA2CEA /* Resources */ = {
			isa = PBXGroup;
			children = (
				198CE57714ED030B00450E06 /* html5.png */,
				198CE57814ED030B00450E06 /* iphone1.jpg */,
				198CE57914ED030B00450E06 /* iphone2.jpg */,
				198CE57A14ED030B00450E06 /* jQuery.png */,
				198CE57B14ED030B00450E06 /* mysql.jpg */,
				198CE57C14ED030B00450E06 /* PHP5.jpg */,
				5B3A6660108DFAD50053C886 /* town.jpg */,
				8D1107310486CEB800E47090 /* UIScrollViewSample-Info.plist */,
			);
			name = Resources;
			sourceTree = "<group>";
		};
		29B97323FDCFA39411CA2CEA /* Frameworks */ = {
			isa = PBXGroup;
			children = (
				1DF5F4DF0D08C38300B7A737 /* UIKit.framework */,
				1D30AB110D05D00D00671497 /* Foundation.framework */,
				288765FC0DF74451002DB57D /* CoreGraphics.framework */,
			);
			name = Frameworks;
			sourceTree = "<group>";
		};
/* End PBXGroup section */

/* Begin PBXNativeTarget section */
		1D6058900D05DD3D006BFB54 /* UIScrollViewSample */ = {
			isa = PBXNativeTarget;
			buildConfigurationList = 1D6058960D05DD3E006BFB54 /* Build configuration list for PBXNativeTarget "UIScrollViewSample" */;
			buildPhases = (
				1D60588D0D05DD3D006BFB54 /* Resources */,
				1D60588E0D05DD3D006BFB54 /* Sources */,
				1D60588F0D05DD3D006BFB54 /* Frameworks */,
			);
			buildRules = (
			);
			dependencies = (
			);
			name = UIScrollViewSample;
			productName = UIScrollViewSample;
			productReference = 1D6058910D05DD3D006BFB54 /* UIScrollViewSample.app */;
			productType = "com.apple.product-type.application";
		};
/* End PBXNativeTarget section */

/* Begin PBXProject section */
		29B97313FDCFA39411CA2CEA /* Project object */ = {
			isa = PBXProject;
			buildConfigurationList = C01FCF4E08A954540054247B /* Build configuration list for PBXProject "UIScrollViewSample" */;
			compatibilityVersion = "Xcode 3.1";
			developmentRegion = English;
			hasScannedForEncodings = 1;
			knownRegions = (
				English,
				Japanese,
				French,
				German,
			);
			mainGroup = 29B97314FDCFA39411CA2CEA /* CustomTemplate */;
			projectDirPath = "";
			projectRoot = "";
			targets = (
				1D6058900D05DD3D006BFB54 /* UIScrollViewSample */,
			);
		};
/* End PBXProject section */

/* Begin PBXResourcesBuildPhase section */
		1D60588D0D05DD3D006BFB54 /* Resources */ = {
			isa = PBXResourcesBuildPhase;
			buildActionMask = 2147483647;
			files = (
				5B3A6661108DFAD50053C886 /* town.jpg in Resources */,
				198CE57D14ED030B00450E06 /* html5.png in Resources */,
				198CE57E14ED030B00450E06 /* iphone1.jpg in Resources */,
				198CE57F14ED030B00450E06 /* iphone2.jpg in Resources */,
				198CE58014ED030B00450E06 /* jQuery.png in Resources */,
				198CE58114ED030B00450E06 /* mysql.jpg in Resources */,
				198CE58214ED030B00450E06 /* PHP5.jpg in Resources */,
			);
			runOnlyForDeploymentPostprocessing = 0;
		};
/* End PBXResourcesBuildPhase section */

/* Begin PBXSourcesBuildPhase section */
		1D60588E0D05DD3D006BFB54 /* Sources */ = {
			isa = PBXSourcesBuildPhase;
			buildActionMask = 2147483647;
			files = (
				1D60589B0D05DD56006BFB54 /* main.m in Sources */,
				1D3623260D0F684500981E51 /* UIScrollViewSampleAppDelegate.m in Sources */,
				5B3A665E108DFAAB0053C886 /* RootViewController.m in Sources */,
				198AD92014E3C65400D239A7 /* UIKitPrjIndicatorStyle.m in Sources */,
				198AD92114E3C65400D239A7 /* UIKitPrjPaging.m in Sources */,
				198AD92214E3C65400D239A7 /* UIKitPrjScrollView.m in Sources */,
				198CE57414ECFFA300450E06 /* UIKitPrjScrollPaging.m in Sources */,
			);
			runOnlyForDeploymentPostprocessing = 0;
		};
/* End PBXSourcesBuildPhase section */

/* Begin XCBuildConfiguration section */
		1D6058940D05DD3E006BFB54 /* Debug */ = {
			isa = XCBuildConfiguration;
			buildSettings = {
				ALWAYS_SEARCH_USER_PATHS = NO;
				COPY_PHASE_STRIP = NO;
				GCC_DYNAMIC_NO_PIC = NO;
				GCC_OPTIMIZATION_LEVEL = 0;
				GCC_PRECOMPILE_PREFIX_HEADER = YES;
				GCC_PREFIX_HEADER = UIScrollViewSample_Prefix.pch;
				INFOPLIST_FILE = "UIScrollViewSample-Info.plist";
				PRODUCT_NAME = UIScrollViewSample;
			};
			name = Debug;
		};
		1D6058950D05DD3E006BFB54 /* Release */ = {
			isa = XCBuildConfiguration;
			buildSettings = {
				ALWAYS_SEARCH_USER_PATHS = NO;
				COPY_PHASE_STRIP = YES;
				GCC_PRECOMPILE_PREFIX_HEADER = YES;
				GCC_PREFIX_HEADER = UIScrollViewSample_Prefix.pch;
				INFOPLIST_FILE = "UIScrollViewSample-Info.plist";
				PRODUCT_NAME = UIScrollViewSample;
			};
			name = Release;
		};
		C01FCF4F08A954540054247B /* Debug */ = {
			isa = XCBuildConfiguration;
			buildSettings = {
				ARCHS = "$(ARCHS_STANDARD_32_BIT)";
				"CODE_SIGN_IDENTITY[sdk=iphoneos*]" = "iPhone Developer";
				GCC_C_LANGUAGE_STANDARD = c99;
				GCC_WARN_ABOUT_RETURN_TYPE = YES;
				GCC_WARN_UNUSED_VARIABLE = YES;
				PREBINDING = NO;
				SDKROOT = iphonesimulator4.0;
			};
			name = Debug;
		};
		C01FCF5008A954540054247B /* Release */ = {
			isa = XCBuildConfiguration;
			buildSettings = {
				ARCHS = "$(ARCHS_STANDARD_32_BIT)";
				"CODE_SIGN_IDENTITY[sdk=iphoneos*]" = "iPhone Developer";
				GCC_C_LANGUAGE_STANDARD = c99;
				GCC_WARN_ABOUT_RETURN_TYPE = YES;
				GCC_WARN_UNUSED_VARIABLE = YES;
				PREBINDING = NO;
				SDKROOT = iphonesimulator4.0;
			};
			name = Release;
		};
/* End XCBuildConfiguration section */

/* Begin XCConfigurationList section */
		1D6058960D05DD3E006BFB54 /* Build configuration list for PBXNativeTarget "UIScrollViewSample" */ = {
			isa = XCConfigurationList;
			buildConfigurations = (
				1D6058940D05DD3E006BFB54 /* Debug */,
				1D6058950D05DD3E006BFB54 /* Release */,
			);
			defaultConfigurationIsVisible = 0;
			defaultConfigurationName = Release;
		};
		C01FCF4E08A954540054247B /* Build configuration list for PBXProject "UIScrollViewSample" */ = {
			isa = XCConfigurationList;
			buildConfigurations = (
				C01FCF4F08A954540054247B /* Debug */,
				C01FCF5008A954540054247B /* Release */,
			);
			defaultConfigurationIsVisible = 0;
			defaultConfigurationName = Release;
		};
/* End XCConfigurationList section */
	};
	rootObject = 29B97313FDCFA39411CA2CEA /* Project object */;
}
