// !$*UTF8*$!
{
	archiveVersion = 1;
	classes = {
	};
	objectVersion = 46;
	objects = {

/* Begin PBXBuildFile section */
		84A00D611BC7FAC4001A6909 /* main.m in Sources */ = {isa = PBXBuildFile; fileRef = 84A00D601BC7FAC4001A6909 /* main.m */; };
		84A00D641BC7FAC4001A6909 /* AppDelegate.m in Sources */ = {isa = PBXBuildFile; fileRef = 84A00D631BC7FAC4001A6909 /* AppDelegate.m */; };
		84A00D671BC7FAC4001A6909 /* ViewController.m in Sources */ = {isa = PBXBuildFile; fileRef = 84A00D661BC7FAC4001A6909 /* ViewController.m */; };
		84A00D6A1BC7FAC4001A6909 /* Main.storyboard in Resources */ = {isa = PBXBuildFile; fileRef = 84A00D681BC7FAC4001A6909 /* Main.storyboard */; };
		84A00D6C1BC7FAC4001A6909 /* Assets.xcassets in Resources */ = {isa = PBXBuildFile; fileRef = 84A00D6B1BC7FAC4001A6909 /* Assets.xcassets */; };
		84A00D6F1BC7FAC4001A6909 /* LaunchScreen.storyboard in Resources */ = {isa = PBXBuildFile; fileRef = 84A00D6D1BC7FAC4001A6909 /* LaunchScreen.storyboard */; };
/* End PBXBuildFile section */

/* Begin PBXFileReference section */
		84A00D5C1BC7FAC4001A6909 /* StoryBoard01.app */ = {isa = PBXFileReference; explicitFileType = wrapper.application; includeInIndex = 0; path = StoryBoard01.app; sourceTree = BUILT_PRODUCTS_DIR; };
		84A00D601BC7FAC4001A6909 /* main.m */ = {isa = PBXFileReference; lastKnownFileType = sourcecode.c.objc; path = main.m; sourceTree = "<group>"; };
		84A00D621BC7FAC4001A6909 /* AppDelegate.h */ = {isa = PBXFileReference; lastKnownFileType = sourcecode.c.h; path = AppDelegate.h; sourceTree = "<group>"; };
		84A00D631BC7FAC4001A6909 /* AppDelegate.m */ = {isa = PBXFileReference; lastKnownFileType = sourcecode.c.objc; path = AppDelegate.m; sourceTree = "<group>"; };
		84A00D651BC7FAC4001A6909 /* ViewController.h */ = {isa = PBXFileReference; lastKnownFileType = sourcecode.c.h; path = ViewController.h; sourceTree = "<group>"; };
		84A00D661BC7FAC4001A6909 /* ViewController.m */ = {isa = PBXFileReference; lastKnownFileType = sourcecode.c.objc; path = ViewController.m; sourceTree = "<group>"; };
		84A00D691BC7FAC4001A6909 /* Base */ = {isa = PBXFileReference; lastKnownFileType = file.storyboard; name = Base; path = Base.lproj/Main.storyboard; sourceTree = "<group>"; };
		84A00D6B1BC7FAC4001A6909 /* Assets.xcassets */ = {isa = PBXFileReference; lastKnownFileType = folder.assetcatalog; path = Assets.xcassets; sourceTree = "<group>"; };
		84A00D6E1BC7FAC4001A6909 /* Base */ = {isa = PBXFileReference; lastKnownFileType = file.storyboard; name = Base; path = Base.lproj/LaunchScreen.storyboard; sourceTree = "<group>"; };
		84A00D701BC7FAC4001A6909 /* Info.plist */ = {isa = PBXFileReference; lastKnownFileType = text.plist.xml; path = Info.plist; sourceTree = "<group>"; };
/* End PBXFileReference section */

/* Begin PBXFrameworksBuildPhase section */
		84A00D591BC7FAC4001A6909 /* Frameworks */ = {
			isa = PBXFrameworksBuildPhase;
			buildActionMask = 2147483647;
			files = (
			);
			runOnlyForDeploymentPostprocessing = 0;
		};
/* End PBXFrameworksBuildPhase section */

/* Begin PBXGroup section */
		84A00D531BC7FAC4001A6909 = {
			isa = PBXGroup;
			children = (
				84A00D5E1BC7FAC4001A6909 /* StoryBoard01 */,
				84A00D5D1BC7FAC4001A6909 /* Products */,
			);
			sourceTree = "<group>";
		};
		84A00D5D1BC7FAC4001A6909 /* Products */ = {
			isa = PBXGroup;
			children = (
				84A00D5C1BC7FAC4001A6909 /* StoryBoard01.app */,
			);
			name = Products;
			sourceTree = "<group>";
		};
		84A00D5E1BC7FAC4001A6909 /* StoryBoard01 */ = {
			isa = PBXGroup;
			children = (
				84A00D621BC7FAC4001A6909 /* AppDelegate.h */,
				84A00D631BC7FAC4001A6909 /* AppDelegate.m */,
				84A00D651BC7FAC4001A6909 /* ViewController.h */,
				84A00D661BC7FAC4001A6909 /* ViewController.m */,
				84A00D681BC7FAC4001A6909 /* Main.storyboard */,
				84A00D6B1BC7FAC4001A6909 /* Assets.xcassets */,
				84A00D6D1BC7FAC4001A6909 /* LaunchScreen.storyboard */,
				84A00D701BC7FAC4001A6909 /* Info.plist */,
				84A00D5F1BC7FAC4001A6909 /* Supporting Files */,
			);
			path = StoryBoard01;
			sourceTree = "<group>";
		};
		84A00D5F1BC7FAC4001A6909 /* Supporting Files */ = {
			isa = PBXGroup;
			children = (
				84A00D601BC7FAC4001A6909 /* main.m */,
			);
			name = "Supporting Files";
			sourceTree = "<group>";
		};
/* End PBXGroup section */

/* Begin PBXNativeTarget section */
		84A00D5B1BC7FAC4001A6909 /* StoryBoard01 */ = {
			isa = PBXNativeTarget;
			buildConfigurationList = 84A00D731BC7FAC4001A6909 /* Build configuration list for PBXNativeTarget "StoryBoard01" */;
			buildPhases = (
				84A00D581BC7FAC4001A6909 /* Sources */,
				84A00D591BC7FAC4001A6909 /* Frameworks */,
				84A00D5A1BC7FAC4001A6909 /* Resources */,
			);
			buildRules = (
			);
			dependencies = (
			);
			name = StoryBoard01;
			productName = StoryBoard01;
			productReference = 84A00D5C1BC7FAC4001A6909 /* StoryBoard01.app */;
			productType = "com.apple.product-type.application";
		};
/* End PBXNativeTarget section */

/* Begin PBXProject section */
		84A00D541BC7FAC4001A6909 /* Project object */ = {
			isa = PBXProject;
			attributes = {
				LastUpgradeCheck = 0700;
				ORGANIZATIONNAME = MyObjC;
				TargetAttributes = {
					84A00D5B1BC7FAC4001A6909 = {
						CreatedOnToolsVersion = 7.0;
					};
				};
			};
			buildConfigurationList = 84A00D571BC7FAC4001A6909 /* Build configuration list for PBXProject "StoryBoard01" */;
			compatibilityVersion = "Xcode 3.2";
			developmentRegion = English;
			hasScannedForEncodings = 0;
			knownRegions = (
				en,
				Base,
			);
			mainGroup = 84A00D531BC7FAC4001A6909;
			productRefGroup = 84A00D5D1BC7FAC4001A6909 /* Products */;
			projectDirPath = "";
			projectRoot = "";
			targets = (
				84A00D5B1BC7FAC4001A6909 /* StoryBoard01 */,
			);
		};
/* End PBXProject section */

/* Begin PBXResourcesBuildPhase section */
		84A00D5A1BC7FAC4001A6909 /* Resources */ = {
			isa = PBXResourcesBuildPhase;
			buildActionMask = 2147483647;
			files = (
				84A00D6F1BC7FAC4001A6909 /* LaunchScreen.storyboard in Resources */,
				84A00D6C1BC7FAC4001A6909 /* Assets.xcassets in Resources */,
				84A00D6A1BC7FAC4001A6909 /* Main.storyboard in Resources */,
			);
			runOnlyForDeploymentPostprocessing = 0;
		};
/* End PBXResourcesBuildPhase section */

/* Begin PBXSourcesBuildPhase section */
		84A00D581BC7FAC4001A6909 /* Sources */ = {
			isa = PBXSourcesBuildPhase;
			buildActionMask = 2147483647;
			files = (
				84A00D671BC7FAC4001A6909 /* ViewController.m in Sources */,
				84A00D641BC7FAC4001A6909 /* AppDelegate.m in Sources */,
				84A00D611BC7FAC4001A6909 /* main.m in Sources */,
			);
			runOnlyForDeploymentPostprocessing = 0;
		};
/* End PBXSourcesBuildPhase section */

/* Begin PBXVariantGroup section */
		84A00D681BC7FAC4001A6909 /* Main.storyboard */ = {
			isa = PBXVariantGroup;
			children = (
				84A00D691BC7FAC4001A6909 /* Base */,
			);
			name = Main.storyboard;
			sourceTree = "<group>";
		};
		84A00D6D1BC7FAC4001A6909 /* LaunchScreen.storyboard */ = {
			isa = PBXVariantGroup;
			children = (
				84A00D6E1BC7FAC4001A6909 /* Base */,
			);
			name = LaunchScreen.storyboard;
			sourceTree = "<group>";
		};
/* End PBXVariantGroup section */

/* Begin XCBuildConfiguration section */
		84A00D711BC7FAC4001A6909 /* Debug */ = {
			isa = XCBuildConfiguration;
			buildSettings = {
				ALWAYS_SEARCH_USER_PATHS = NO;
				CLANG_CXX_LANGUAGE_STANDARD = "gnu++0x";
				CLANG_CXX_LIBRARY = "libc++";
				CLANG_ENABLE_MODULES = YES;
				CLANG_ENABLE_OBJC_ARC = YES;
				CLANG_WARN_BOOL_CONVERSION = YES;
				CLANG_WARN_CONSTANT_CONVERSION = YES;
				CLANG_WARN_DIRECT_OBJC_ISA_USAGE = YES_ERROR;
				CLANG_WARN_EMPTY_BODY = YES;
				CLANG_WARN_ENUM_CONVERSION = YES;
				CLANG_WARN_INT_CONVERSION = YES;
				CLANG_WARN_OBJC_ROOT_CLASS = YES_ERROR;
				CLANG_WARN_UNREACHABLE_CODE = YES;
				CLANG_WARN__DUPLICATE_METHOD_MATCH = YES;
				"CODE_SIGN_IDENTITY[sdk=iphoneos*]" = "iPhone Developer";
				COPY_PHASE_STRIP = NO;
				DEBUG_INFORMATION_FORMAT = dwarf;
				ENABLE_STRICT_OBJC_MSGSEND = YES;
				ENABLE_TESTABILITY = YES;
				GCC_C_LANGUAGE_STANDARD = gnu99;
				GCC_DYNAMIC_NO_PIC = NO;
				GCC_NO_COMMON_BLOCKS = YES;
				GCC_OPTIMIZATION_LEVEL = 0;
				GCC_PREPROCESSOR_DEFINITIONS = (
					"DEBUG=1",
					"$(inherited)",
				);
				GCC_WARN_64_TO_32_BIT_CONVERSION = YES;
				GCC_WARN_ABOUT_RETURN_TYPE = YES_ERROR;
				GCC_WARN_UNDECLARED_SELECTOR = YES;
				GCC_WARN_UNINITIALIZED_AUTOS = YES_AGGRESSIVE;
				GCC_WARN_UNUSED_FUNCTION = YES;
				GCC_WARN_UNUSED_VARIABLE = YES;
				IPHONEOS_DEPLOYMENT_TARGET = 9.0;
				MTL_ENABLE_DEBUG_INFO = YES;
				ONLY_ACTIVE_ARCH = YES;
				SDKROOT = iphoneos;
				TARGETED_DEVICE_FAMILY = "1,2";
			};
			name = Debug;
		};
		84A00D721BC7FAC4001A6909 /* Release */ = {
			isa = XCBuildConfiguration;
			buildSettings = {
				ALWAYS_SEARCH_USER_PATHS = NO;
				CLANG_CXX_LANGUAGE_STANDARD = "gnu++0x";
				CLANG_CXX_LIBRARY = "libc++";
				CLANG_ENABLE_MODULES = YES;
				CLANG_ENABLE_OBJC_ARC = YES;
				CLANG_WARN_BOOL_CONVERSION = YES;
				CLANG_WARN_CONSTANT_CONVERSION = YES;
				CLANG_WARN_DIRECT_OBJC_ISA_USAGE = YES_ERROR;
				CLANG_WARN_EMPTY_BODY = YES;
				CLANG_WARN_ENUM_CONVERSION = YES;
				CLANG_WARN_INT_CONVERSION = YES;
				CLANG_WARN_OBJC_ROOT_CLASS = YES_ERROR;
				CLANG_WARN_UNREACHABLE_CODE = YES;
				CLANG_WARN__DUPLICATE_METHOD_MATCH = YES;
				"CODE_SIGN_IDENTITY[sdk=iphoneos*]" = "iPhone Developer";
				COPY_PHASE_STRIP = NO;
				DEBUG_INFORMATION_FORMAT = "dwarf-with-dsym";
				ENABLE_NS_ASSERTIONS = NO;
				ENABLE_STRICT_OBJC_MSGSEND = YES;
				GCC_C_LANGUAGE_STANDARD = gnu99;
				GCC_NO_COMMON_BLOCKS = YES;
				GCC_WARN_64_TO_32_BIT_CONVERSION = YES;
				GCC_WARN_ABOUT_RETURN_TYPE = YES_ERROR;
				GCC_WARN_UNDECLARED_SELECTOR = YES;
				GCC_WARN_UNINITIALIZED_AUTOS = YES_AGGRESSIVE;
				GCC_WARN_UNUSED_FUNCTION = YES;
				GCC_WARN_UNUSED_VARIABLE = YES;
				IPHONEOS_DEPLOYMENT_TARGET = 9.0;
				MTL_ENABLE_DEBUG_INFO = NO;
				SDKROOT = iphoneos;
				TARGETED_DEVICE_FAMILY = "1,2";
				VALIDATE_PRODUCT = YES;
			};
			name = Release;
		};
		84A00D741BC7FAC4001A6909 /* Debug */ = {
			isa = XCBuildConfiguration;
			buildSettings = {
				ASSETCATALOG_COMPILER_APPICON_NAME = AppIcon;
				INFOPLIST_FILE = StoryBoard01/Info.plist;
				LD_RUNPATH_SEARCH_PATHS = "$(inherited) @executable_path/Frameworks";
				PRODUCT_BUNDLE_IDENTIFIER = com.MyObjC.StoryBoard01;
				PRODUCT_NAME = "$(TARGET_NAME)";
			};
			name = Debug;
		};
		84A00D751BC7FAC4001A6909 /* Release */ = {
			isa = XCBuildConfiguration;
			buildSettings = {
				ASSETCATALOG_COMPILER_APPICON_NAME = AppIcon;
				INFOPLIST_FILE = StoryBoard01/Info.plist;
				LD_RUNPATH_SEARCH_PATHS = "$(inherited) @executable_path/Frameworks";
				PRODUCT_BUNDLE_IDENTIFIER = com.MyObjC.StoryBoard01;
				PRODUCT_NAME = "$(TARGET_NAME)";
			};
			name = Release;
		};
/* End XCBuildConfiguration section */

/* Begin XCConfigurationList section */
		84A00D571BC7FAC4001A6909 /* Build configuration list for PBXProject "StoryBoard01" */ = {
			isa = XCConfigurationList;
			buildConfigurations = (
				84A00D711BC7FAC4001A6909 /* Debug */,
				84A00D721BC7FAC4001A6909 /* Release */,
			);
			defaultConfigurationIsVisible = 0;
			defaultConfigurationName = Release;
		};
		84A00D731BC7FAC4001A6909 /* Build configuration list for PBXNativeTarget "StoryBoard01" */ = {
			isa = XCConfigurationList;
			buildConfigurations = (
				84A00D741BC7FAC4001A6909 /* Debug */,
				84A00D751BC7FAC4001A6909 /* Release */,
			);
			defaultConfigurationIsVisible = 0;
		};
/* End XCConfigurationList section */
	};
	rootObject = 84A00D541BC7FAC4001A6909 /* Project object */;
}
