// !$*UTF8*$!
{
	archiveVersion = 1;
	classes = {
	};
	objectVersion = 45;
	objects = {

/* Begin PBXBuildFile section */
		1981C06914B27472004CE0D5 /* cache.manifest in Resources */ = {isa = PBXBuildFile; fileRef = 1981C04D14B27472004CE0D5 /* cache.manifest */; };
		1981C06A14B27472004CE0D5 /* iphone.css in Resources */ = {isa = PBXBuildFile; fileRef = 1981C04F14B27472004CE0D5 /* iphone.css */; };
		1981C06B14B27472004CE0D5 /* jquery.mobile-1.0.min.css in Resources */ = {isa = PBXBuildFile; fileRef = 1981C05014B27472004CE0D5 /* jquery.mobile-1.0.min.css */; };
		1981C06C14B27472004CE0D5 /* bg_footer.png in Resources */ = {isa = PBXBuildFile; fileRef = 1981C05214B27472004CE0D5 /* bg_footer.png */; };
		1981C06D14B27472004CE0D5 /* bg_header.png in Resources */ = {isa = PBXBuildFile; fileRef = 1981C05314B27472004CE0D5 /* bg_header.png */; };
		1981C06E14B27472004CE0D5 /* footer.png in Resources */ = {isa = PBXBuildFile; fileRef = 1981C05414B27472004CE0D5 /* footer.png */; };
		1981C06F14B27472004CE0D5 /* home.png in Resources */ = {isa = PBXBuildFile; fileRef = 1981C05514B27472004CE0D5 /* home.png */; };
		1981C07014B27472004CE0D5 /* ico_home.png in Resources */ = {isa = PBXBuildFile; fileRef = 1981C05614B27472004CE0D5 /* ico_home.png */; };
		1981C07114B27472004CE0D5 /* ico_next.png in Resources */ = {isa = PBXBuildFile; fileRef = 1981C05714B27472004CE0D5 /* ico_next.png */; };
		1981C07214B27472004CE0D5 /* img_almond.jpg in Resources */ = {isa = PBXBuildFile; fileRef = 1981C05814B27472004CE0D5 /* img_almond.jpg */; };
		1981C07314B27472004CE0D5 /* img_blackpepper.jpg in Resources */ = {isa = PBXBuildFile; fileRef = 1981C05914B27472004CE0D5 /* img_blackpepper.jpg */; };
		1981C07414B27472004CE0D5 /* img_cashew.jpg in Resources */ = {isa = PBXBuildFile; fileRef = 1981C05A14B27472004CE0D5 /* img_cashew.jpg */; };
		1981C07514B27472004CE0D5 /* img_coriander.jpg in Resources */ = {isa = PBXBuildFile; fileRef = 1981C05B14B27472004CE0D5 /* img_coriander.jpg */; };
		1981C07614B27472004CE0D5 /* img_cumin.jpg in Resources */ = {isa = PBXBuildFile; fileRef = 1981C05C14B27472004CE0D5 /* img_cumin.jpg */; };
		1981C07714B27472004CE0D5 /* img_dining.jpg in Resources */ = {isa = PBXBuildFile; fileRef = 1981C05D14B27472004CE0D5 /* img_dining.jpg */; };
		1981C07814B27472004CE0D5 /* img_hazel.jpg in Resources */ = {isa = PBXBuildFile; fileRef = 1981C05E14B27472004CE0D5 /* img_hazel.jpg */; };
		1981C07914B27472004CE0D5 /* img_nuts.jpg in Resources */ = {isa = PBXBuildFile; fileRef = 1981C05F14B27472004CE0D5 /* img_nuts.jpg */; };
		1981C07A14B27472004CE0D5 /* img_pistachio.jpg in Resources */ = {isa = PBXBuildFile; fileRef = 1981C06014B27472004CE0D5 /* img_pistachio.jpg */; };
		1981C07B14B27472004CE0D5 /* img_sesame.jpg in Resources */ = {isa = PBXBuildFile; fileRef = 1981C06114B27472004CE0D5 /* img_sesame.jpg */; };
		1981C07C14B27472004CE0D5 /* img_spice.jpg in Resources */ = {isa = PBXBuildFile; fileRef = 1981C06214B27472004CE0D5 /* img_spice.jpg */; };
		1981C07D14B27472004CE0D5 /* logo.png in Resources */ = {isa = PBXBuildFile; fileRef = 1981C06314B27472004CE0D5 /* logo.png */; };
		1981C07E14B27472004CE0D5 /* index.html in Resources */ = {isa = PBXBuildFile; fileRef = 1981C06414B27472004CE0D5 /* index.html */; };
		1981C07F14B27472004CE0D5 /* iphone.js in Resources */ = {isa = PBXBuildFile; fileRef = 1981C06614B27472004CE0D5 /* iphone.js */; };
		1981C08014B27472004CE0D5 /* jquery.js in Resources */ = {isa = PBXBuildFile; fileRef = 1981C06714B27472004CE0D5 /* jquery.js */; };
		1981C08114B27472004CE0D5 /* jquery.mobile-1.0.min.js in Resources */ = {isa = PBXBuildFile; fileRef = 1981C06814B27472004CE0D5 /* jquery.mobile-1.0.min.js */; };
		198ADB1B14E4109B00D239A7 /* UIKitPrjDataDetectorTypes.m in Sources */ = {isa = PBXBuildFile; fileRef = 198ADB0414E4109B00D239A7 /* UIKitPrjDataDetectorTypes.m */; };
		198ADB1C14E4109B00D239A7 /* UIKitPrjEditableTextView.m in Sources */ = {isa = PBXBuildFile; fileRef = 198ADB0614E4109B00D239A7 /* UIKitPrjEditableTextView.m */; };
		198ADB1D14E4109B00D239A7 /* UIKitPrjHTMLViewer.m in Sources */ = {isa = PBXBuildFile; fileRef = 198ADB0814E4109B00D239A7 /* UIKitPrjHTMLViewer.m */; };
		198ADB1E14E4109B00D239A7 /* UIKitPrjKeyboard.m in Sources */ = {isa = PBXBuildFile; fileRef = 198ADB0A14E4109B00D239A7 /* UIKitPrjKeyboard.m */; };
		198ADB1F14E4109B00D239A7 /* UIKitPrjLoadHTMLString.m in Sources */ = {isa = PBXBuildFile; fileRef = 198ADB0C14E4109B00D239A7 /* UIKitPrjLoadHTMLString.m */; };
		198ADB2014E4109B00D239A7 /* UIKitPrjSecureTextEntry.m in Sources */ = {isa = PBXBuildFile; fileRef = 198ADB0E14E4109B00D239A7 /* UIKitPrjSecureTextEntry.m */; };
		198ADB2114E4109B00D239A7 /* UIKitPrjTextView.m in Sources */ = {isa = PBXBuildFile; fileRef = 198ADB1014E4109B00D239A7 /* UIKitPrjTextView.m */; };
		198ADB2214E4109B00D239A7 /* UIKitPrjTextViewObserving.m in Sources */ = {isa = PBXBuildFile; fileRef = 198ADB1214E4109B00D239A7 /* UIKitPrjTextViewObserving.m */; };
		198ADB2314E4109B00D239A7 /* UIKitPrjWebView.m in Sources */ = {isa = PBXBuildFile; fileRef = 198ADB1414E4109B00D239A7 /* UIKitPrjWebView.m */; };
		198ADB2414E4109B00D239A7 /* UIKitPrjWebViewLoadData.m in Sources */ = {isa = PBXBuildFile; fileRef = 198ADB1614E4109B00D239A7 /* UIKitPrjWebViewLoadData.m */; };
		198ADB2514E4109B00D239A7 /* UIKitPrjWebViewSimple.m in Sources */ = {isa = PBXBuildFile; fileRef = 198ADB1814E4109B00D239A7 /* UIKitPrjWebViewSimple.m */; };
		198ADB2614E4109B00D239A7 /* UIKitPrjWorkingWithTheSelection.m in Sources */ = {isa = PBXBuildFile; fileRef = 198ADB1A14E4109B00D239A7 /* UIKitPrjWorkingWithTheSelection.m */; };
		1D3623260D0F684500981E51 /* TextViewAndWebViewSampleAppDelegate.m in Sources */ = {isa = PBXBuildFile; fileRef = 1D3623250D0F684500981E51 /* TextViewAndWebViewSampleAppDelegate.m */; };
		1D60589B0D05DD56006BFB54 /* main.m in Sources */ = {isa = PBXBuildFile; fileRef = 29B97316FDCFA39411CA2CEA /* main.m */; };
		1D60589F0D05DD5A006BFB54 /* Foundation.framework in Frameworks */ = {isa = PBXBuildFile; fileRef = 1D30AB110D05D00D00671497 /* Foundation.framework */; };
		1DF5F4E00D08C38300B7A737 /* UIKit.framework in Frameworks */ = {isa = PBXBuildFile; fileRef = 1DF5F4DF0D08C38300B7A737 /* UIKit.framework */; };
		288765FD0DF74451002DB57D /* CoreGraphics.framework in Frameworks */ = {isa = PBXBuildFile; fileRef = 288765FC0DF74451002DB57D /* CoreGraphics.framework */; };
		5B131F211067196F00913E54 /* dog.jpg in Resources */ = {isa = PBXBuildFile; fileRef = 5B131F201067196F00913E54 /* dog.jpg */; };
		5B131F9610672E9C00913E54 /* sample.pdf in Resources */ = {isa = PBXBuildFile; fileRef = 5B131F9510672E9C00913E54 /* sample.pdf */; };
		5B131FF61067460A00913E54 /* page1.htm in Resources */ = {isa = PBXBuildFile; fileRef = 5B131FF41067460A00913E54 /* page1.htm */; };
		5B131FF71067460A00913E54 /* top.htm in Resources */ = {isa = PBXBuildFile; fileRef = 5B131FF51067460A00913E54 /* top.htm */; };
		5B13203210674E2700913E54 /* page2.htm in Resources */ = {isa = PBXBuildFile; fileRef = 5B13203010674E2700913E54 /* page2.htm */; };
		5B13203310674E2700913E54 /* page3.htm in Resources */ = {isa = PBXBuildFile; fileRef = 5B13203110674E2700913E54 /* page3.htm */; };
		5BE0A5061064D01D00D4AACB /* RootViewController.m in Sources */ = {isa = PBXBuildFile; fileRef = 5BE0A5031064D01D00D4AACB /* RootViewController.m */; };
		5BE0A5461065076200D4AACB /* InfoPlist.strings in Resources */ = {isa = PBXBuildFile; fileRef = 5BE0A5451065076200D4AACB /* InfoPlist.strings */; };
		5BE0A7751066C27900D4AACB /* sample.doc in Resources */ = {isa = PBXBuildFile; fileRef = 5BE0A7741066C27900D4AACB /* sample.doc */; };
/* End PBXBuildFile section */

/* Begin PBXFileReference section */
		1981C04D14B27472004CE0D5 /* cache.manifest */ = {isa = PBXFileReference; fileEncoding = 4; lastKnownFileType = text; name = cache.manifest; path = Resources/cache.manifest; sourceTree = "<group>"; };
		1981C04F14B27472004CE0D5 /* iphone.css */ = {isa = PBXFileReference; fileEncoding = 4; lastKnownFileType = text.css; name = iphone.css; path = Resources/css/iphone.css; sourceTree = "<group>"; };
		1981C05014B27472004CE0D5 /* jquery.mobile-1.0.min.css */ = {isa = PBXFileReference; fileEncoding = 4; lastKnownFileType = text.css; name = "jquery.mobile-1.0.min.css"; path = "Resources/css/jquery.mobile-1.0.min.css"; sourceTree = "<group>"; };
		1981C05214B27472004CE0D5 /* bg_footer.png */ = {isa = PBXFileReference; lastKnownFileType = image.png; path = bg_footer.png; sourceTree = "<group>"; };
		1981C05314B27472004CE0D5 /* bg_header.png */ = {isa = PBXFileReference; lastKnownFileType = image.png; path = bg_header.png; sourceTree = "<group>"; };
		1981C05414B27472004CE0D5 /* footer.png */ = {isa = PBXFileReference; lastKnownFileType = image.png; path = footer.png; sourceTree = "<group>"; };
		1981C05514B27472004CE0D5 /* home.png */ = {isa = PBXFileReference; lastKnownFileType = image.png; path = home.png; sourceTree = "<group>"; };
		1981C05614B27472004CE0D5 /* ico_home.png */ = {isa = PBXFileReference; lastKnownFileType = image.png; name = ico_home.png; path = Resources/img/ico_home.png; sourceTree = "<group>"; };
		1981C05714B27472004CE0D5 /* ico_next.png */ = {isa = PBXFileReference; lastKnownFileType = image.png; path = ico_next.png; sourceTree = "<group>"; };
		1981C05814B27472004CE0D5 /* img_almond.jpg */ = {isa = PBXFileReference; lastKnownFileType = image.jpeg; path = img_almond.jpg; sourceTree = "<group>"; };
		1981C05914B27472004CE0D5 /* img_blackpepper.jpg */ = {isa = PBXFileReference; lastKnownFileType = image.jpeg; path = img_blackpepper.jpg; sourceTree = "<group>"; };
		1981C05A14B27472004CE0D5 /* img_cashew.jpg */ = {isa = PBXFileReference; lastKnownFileType = image.jpeg; path = img_cashew.jpg; sourceTree = "<group>"; };
		1981C05B14B27472004CE0D5 /* img_coriander.jpg */ = {isa = PBXFileReference; lastKnownFileType = image.jpeg; path = img_coriander.jpg; sourceTree = "<group>"; };
		1981C05C14B27472004CE0D5 /* img_cumin.jpg */ = {isa = PBXFileReference; lastKnownFileType = image.jpeg; path = img_cumin.jpg; sourceTree = "<group>"; };
		1981C05D14B27472004CE0D5 /* img_dining.jpg */ = {isa = PBXFileReference; lastKnownFileType = image.jpeg; path = img_dining.jpg; sourceTree = "<group>"; };
		1981C05E14B27472004CE0D5 /* img_hazel.jpg */ = {isa = PBXFileReference; lastKnownFileType = image.jpeg; path = img_hazel.jpg; sourceTree = "<group>"; };
		1981C05F14B27472004CE0D5 /* img_nuts.jpg */ = {isa = PBXFileReference; lastKnownFileType = image.jpeg; path = img_nuts.jpg; sourceTree = "<group>"; };
		1981C06014B27472004CE0D5 /* img_pistachio.jpg */ = {isa = PBXFileReference; lastKnownFileType = image.jpeg; path = img_pistachio.jpg; sourceTree = "<group>"; };
		1981C06114B27472004CE0D5 /* img_sesame.jpg */ = {isa = PBXFileReference; lastKnownFileType = image.jpeg; path = img_sesame.jpg; sourceTree = "<group>"; };
		1981C06214B27472004CE0D5 /* img_spice.jpg */ = {isa = PBXFileReference; lastKnownFileType = image.jpeg; path = img_spice.jpg; sourceTree = "<group>"; };
		1981C06314B27472004CE0D5 /* logo.png */ = {isa = PBXFileReference; lastKnownFileType = image.png; name = logo.png; path = Resources/img/logo.png; sourceTree = "<group>"; };
		1981C06414B27472004CE0D5 /* index.html */ = {isa = PBXFileReference; fileEncoding = 4; lastKnownFileType = text.html; name = index.html; path = Resources/index.html; sourceTree = "<group>"; };
		1981C06614B27472004CE0D5 /* iphone.js */ = {isa = PBXFileReference; fileEncoding = 4; lastKnownFileType = sourcecode.javascript; name = iphone.js; path = Resources/js/iphone.js; sourceTree = "<group>"; };
		1981C06714B27472004CE0D5 /* jquery.js */ = {isa = PBXFileReference; fileEncoding = 4; lastKnownFileType = sourcecode.javascript; name = jquery.js; path = Resources/js/jquery.js; sourceTree = "<group>"; };
		1981C06814B27472004CE0D5 /* jquery.mobile-1.0.min.js */ = {isa = PBXFileReference; fileEncoding = 4; lastKnownFileType = sourcecode.javascript; name = "jquery.mobile-1.0.min.js"; path = "Resources/js/jquery.mobile-1.0.min.js"; sourceTree = "<group>"; };
		198ADB0314E4109B00D239A7 /* UIKitPrjDataDetectorTypes.h */ = {isa = PBXFileReference; fileEncoding = 4; lastKnownFileType = sourcecode.c.h; path = UIKitPrjDataDetectorTypes.h; sourceTree = "<group>"; };
		198ADB0414E4109B00D239A7 /* UIKitPrjDataDetectorTypes.m */ = {isa = PBXFileReference; fileEncoding = 4; lastKnownFileType = sourcecode.c.objc; path = UIKitPrjDataDetectorTypes.m; sourceTree = "<group>"; };
		198ADB0514E4109B00D239A7 /* UIKitPrjEditableTextView.h */ = {isa = PBXFileReference; fileEncoding = 4; lastKnownFileType = sourcecode.c.h; path = UIKitPrjEditableTextView.h; sourceTree = "<group>"; };
		198ADB0614E4109B00D239A7 /* UIKitPrjEditableTextView.m */ = {isa = PBXFileReference; fileEncoding = 4; lastKnownFileType = sourcecode.c.objc; path = UIKitPrjEditableTextView.m; sourceTree = "<group>"; };
		198ADB0714E4109B00D239A7 /* UIKitPrjHTMLViewer.h */ = {isa = PBXFileReference; fileEncoding = 4; lastKnownFileType = sourcecode.c.h; path = UIKitPrjHTMLViewer.h; sourceTree = "<group>"; };
		198ADB0814E4109B00D239A7 /* UIKitPrjHTMLViewer.m */ = {isa = PBXFileReference; fileEncoding = 4; lastKnownFileType = sourcecode.c.objc; path = UIKitPrjHTMLViewer.m; sourceTree = "<group>"; };
		198ADB0914E4109B00D239A7 /* UIKitPrjKeyboard.h */ = {isa = PBXFileReference; fileEncoding = 4; lastKnownFileType = sourcecode.c.h; path = UIKitPrjKeyboard.h; sourceTree = "<group>"; };
		198ADB0A14E4109B00D239A7 /* UIKitPrjKeyboard.m */ = {isa = PBXFileReference; fileEncoding = 4; lastKnownFileType = sourcecode.c.objc; path = UIKitPrjKeyboard.m; sourceTree = "<group>"; };
		198ADB0B14E4109B00D239A7 /* UIKitPrjLoadHTMLString.h */ = {isa = PBXFileReference; fileEncoding = 4; lastKnownFileType = sourcecode.c.h; path = UIKitPrjLoadHTMLString.h; sourceTree = "<group>"; };
		198ADB0C14E4109B00D239A7 /* UIKitPrjLoadHTMLString.m */ = {isa = PBXFileReference; fileEncoding = 4; lastKnownFileType = sourcecode.c.objc; path = UIKitPrjLoadHTMLString.m; sourceTree = "<group>"; };
		198ADB0D14E4109B00D239A7 /* UIKitPrjSecureTextEntry.h */ = {isa = PBXFileReference; fileEncoding = 4; lastKnownFileType = sourcecode.c.h; path = UIKitPrjSecureTextEntry.h; sourceTree = "<group>"; };
		198ADB0E14E4109B00D239A7 /* UIKitPrjSecureTextEntry.m */ = {isa = PBXFileReference; fileEncoding = 4; lastKnownFileType = sourcecode.c.objc; path = UIKitPrjSecureTextEntry.m; sourceTree = "<group>"; };
		198ADB0F14E4109B00D239A7 /* UIKitPrjTextView.h */ = {isa = PBXFileReference; fileEncoding = 4; lastKnownFileType = sourcecode.c.h; path = UIKitPrjTextView.h; sourceTree = "<group>"; };
		198ADB1014E4109B00D239A7 /* UIKitPrjTextView.m */ = {isa = PBXFileReference; fileEncoding = 4; lastKnownFileType = sourcecode.c.objc; path = UIKitPrjTextView.m; sourceTree = "<group>"; };
		198ADB1114E4109B00D239A7 /* UIKitPrjTextViewObserving.h */ = {isa = PBXFileReference; fileEncoding = 4; lastKnownFileType = sourcecode.c.h; path = UIKitPrjTextViewObserving.h; sourceTree = "<group>"; };
		198ADB1214E4109B00D239A7 /* UIKitPrjTextViewObserving.m */ = {isa = PBXFileReference; fileEncoding = 4; lastKnownFileType = sourcecode.c.objc; path = UIKitPrjTextViewObserving.m; sourceTree = "<group>"; };
		198ADB1314E4109B00D239A7 /* UIKitPrjWebView.h */ = {isa = PBXFileReference; fileEncoding = 4; lastKnownFileType = sourcecode.c.h; path = UIKitPrjWebView.h; sourceTree = "<group>"; };
		198ADB1414E4109B00D239A7 /* UIKitPrjWebView.m */ = {isa = PBXFileReference; fileEncoding = 4; lastKnownFileType = sourcecode.c.objc; path = UIKitPrjWebView.m; sourceTree = "<group>"; };
		198ADB1514E4109B00D239A7 /* UIKitPrjWebViewLoadData.h */ = {isa = PBXFileReference; fileEncoding = 4; lastKnownFileType = sourcecode.c.h; path = UIKitPrjWebViewLoadData.h; sourceTree = "<group>"; };
		198ADB1614E4109B00D239A7 /* UIKitPrjWebViewLoadData.m */ = {isa = PBXFileReference; fileEncoding = 4; lastKnownFileType = sourcecode.c.objc; path = UIKitPrjWebViewLoadData.m; sourceTree = "<group>"; };
		198ADB1714E4109B00D239A7 /* UIKitPrjWebViewSimple.h */ = {isa = PBXFileReference; fileEncoding = 4; lastKnownFileType = sourcecode.c.h; path = UIKitPrjWebViewSimple.h; sourceTree = "<group>"; };
		198ADB1814E4109B00D239A7 /* UIKitPrjWebViewSimple.m */ = {isa = PBXFileReference; fileEncoding = 4; lastKnownFileType = sourcecode.c.objc; path = UIKitPrjWebViewSimple.m; sourceTree = "<group>"; };
		198ADB1914E4109B00D239A7 /* UIKitPrjWorkingWithTheSelection.h */ = {isa = PBXFileReference; fileEncoding = 4; lastKnownFileType = sourcecode.c.h; path = UIKitPrjWorkingWithTheSelection.h; sourceTree = "<group>"; };
		198ADB1A14E4109B00D239A7 /* UIKitPrjWorkingWithTheSelection.m */ = {isa = PBXFileReference; fileEncoding = 4; lastKnownFileType = sourcecode.c.objc; path = UIKitPrjWorkingWithTheSelection.m; sourceTree = "<group>"; };
		1D30AB110D05D00D00671497 /* Foundation.framework */ = {isa = PBXFileReference; lastKnownFileType = wrapper.framework; name = Foundation.framework; path = System/Library/Frameworks/Foundation.framework; sourceTree = SDKROOT; };
		1D3623240D0F684500981E51 /* TextViewAndWebViewSampleAppDelegate.h */ = {isa = PBXFileReference; fileEncoding = 4; lastKnownFileType = sourcecode.c.h; path = TextViewAndWebViewSampleAppDelegate.h; sourceTree = "<group>"; };
		1D3623250D0F684500981E51 /* TextViewAndWebViewSampleAppDelegate.m */ = {isa = PBXFileReference; fileEncoding = 4; lastKnownFileType = sourcecode.c.objc; path = TextViewAndWebViewSampleAppDelegate.m; sourceTree = "<group>"; };
		1D6058910D05DD3D006BFB54 /* TextViewAndWebViewSample.app */ = {isa = PBXFileReference; explicitFileType = wrapper.application; includeInIndex = 0; path = TextViewAndWebViewSample.app; sourceTree = BUILT_PRODUCTS_DIR; };
		1DF5F4DF0D08C38300B7A737 /* UIKit.framework */ = {isa = PBXFileReference; lastKnownFileType = wrapper.framework; name = UIKit.framework; path = System/Library/Frameworks/UIKit.framework; sourceTree = SDKROOT; };
		288765FC0DF74451002DB57D /* CoreGraphics.framework */ = {isa = PBXFileReference; lastKnownFileType = wrapper.framework; name = CoreGraphics.framework; path = System/Library/Frameworks/CoreGraphics.framework; sourceTree = SDKROOT; };
		29B97316FDCFA39411CA2CEA /* main.m */ = {isa = PBXFileReference; fileEncoding = 4; lastKnownFileType = sourcecode.c.objc; path = main.m; sourceTree = "<group>"; };
		32CA4F630368D1EE00C91783 /* TextViewAndWebViewSample_Prefix.pch */ = {isa = PBXFileReference; fileEncoding = 4; lastKnownFileType = sourcecode.c.h; path = TextViewAndWebViewSample_Prefix.pch; sourceTree = "<group>"; };
		5B131F201067196F00913E54 /* dog.jpg */ = {isa = PBXFileReference; lastKnownFileType = image.jpeg; name = dog.jpg; path = Resources/dog.jpg; sourceTree = "<group>"; };
		5B131F9510672E9C00913E54 /* sample.pdf */ = {isa = PBXFileReference; lastKnownFileType = image.pdf; name = sample.pdf; path = Resources/sample.pdf; sourceTree = "<group>"; };
		5B131FF41067460A00913E54 /* page1.htm */ = {isa = PBXFileReference; fileEncoding = 4; lastKnownFileType = text.html; name = page1.htm; path = Resources/page1.htm; sourceTree = "<group>"; };
		5B131FF51067460A00913E54 /* top.htm */ = {isa = PBXFileReference; fileEncoding = 4; lastKnownFileType = text.html; name = top.htm; path = Resources/top.htm; sourceTree = "<group>"; };
		5B13203010674E2700913E54 /* page2.htm */ = {isa = PBXFileReference; fileEncoding = 4; lastKnownFileType = text.html; name = page2.htm; path = Resources/page2.htm; sourceTree = "<group>"; };
		5B13203110674E2700913E54 /* page3.htm */ = {isa = PBXFileReference; fileEncoding = 4; lastKnownFileType = text.html; name = page3.htm; path = Resources/page3.htm; sourceTree = "<group>"; };
		5BE0A5021064D01D00D4AACB /* RootViewController.h */ = {isa = PBXFileReference; fileEncoding = 4; lastKnownFileType = sourcecode.c.h; path = RootViewController.h; sourceTree = "<group>"; };
		5BE0A5031064D01D00D4AACB /* RootViewController.m */ = {isa = PBXFileReference; fileEncoding = 4; lastKnownFileType = sourcecode.c.objc; path = RootViewController.m; sourceTree = "<group>"; };
		5BE0A5421065072A00D4AACB /* English */ = {isa = PBXFileReference; fileEncoding = 10; lastKnownFileType = text.plist.strings; name = English; path = English.lproj/InfoPlist.strings; sourceTree = "<group>"; };
		5BE0A5471065077700D4AACB /* Japanese */ = {isa = PBXFileReference; lastKnownFileType = text.plist.strings; name = Japanese; path = Japanese.lproj/InfoPlist.strings; sourceTree = "<group>"; };
		5BE0A7741066C27900D4AACB /* sample.doc */ = {isa = PBXFileReference; lastKnownFileType = file; name = sample.doc; path = Resources/sample.doc; sourceTree = "<group>"; };
		8D1107310486CEB800E47090 /* TextViewAndWebViewSample-Info.plist */ = {isa = PBXFileReference; fileEncoding = 4; lastKnownFileType = text.plist.xml; path = "TextViewAndWebViewSample-Info.plist"; plistStructureDefinitionIdentifier = "com.apple.xcode.plist.structure-definition.iphone.info-plist"; sourceTree = "<group>"; };
/* End PBXFileReference section */

/* Begin PBXFrameworksBuildPhase section */
		1D60588F0D05DD3D006BFB54 /* Frameworks */ = {
			isa = PBXFrameworksBuildPhase;
			buildActionMask = 2147483647;
			files = (
				1D60589F0D05DD5A006BFB54 /* Foundation.framework in Frameworks */,
				1DF5F4E00D08C38300B7A737 /* UIKit.framework in Frameworks */,
				288765FD0DF74451002DB57D /* CoreGraphics.framework in Frameworks */,
			);
			runOnlyForDeploymentPostprocessing = 0;
		};
/* End PBXFrameworksBuildPhase section */

/* Begin PBXGroup section */
		080E96DDFE201D6D7F000001 /* Classes */ = {
			isa = PBXGroup;
			children = (
				198ADB0314E4109B00D239A7 /* UIKitPrjDataDetectorTypes.h */,
				198ADB0414E4109B00D239A7 /* UIKitPrjDataDetectorTypes.m */,
				198ADB0514E4109B00D239A7 /* UIKitPrjEditableTextView.h */,
				198ADB0614E4109B00D239A7 /* UIKitPrjEditableTextView.m */,
				198ADB0714E4109B00D239A7 /* UIKitPrjHTMLViewer.h */,
				198ADB0814E4109B00D239A7 /* UIKitPrjHTMLViewer.m */,
				198ADB0914E4109B00D239A7 /* UIKitPrjKeyboard.h */,
				198ADB0A14E4109B00D239A7 /* UIKitPrjKeyboard.m */,
				198ADB0B14E4109B00D239A7 /* UIKitPrjLoadHTMLString.h */,
				198ADB0C14E4109B00D239A7 /* UIKitPrjLoadHTMLString.m */,
				198ADB0D14E4109B00D239A7 /* UIKitPrjSecureTextEntry.h */,
				198ADB0E14E4109B00D239A7 /* UIKitPrjSecureTextEntry.m */,
				198ADB0F14E4109B00D239A7 /* UIKitPrjTextView.h */,
				198ADB1014E4109B00D239A7 /* UIKitPrjTextView.m */,
				198ADB1114E4109B00D239A7 /* UIKitPrjTextViewObserving.h */,
				198ADB1214E4109B00D239A7 /* UIKitPrjTextViewObserving.m */,
				198ADB1314E4109B00D239A7 /* UIKitPrjWebView.h */,
				198ADB1414E4109B00D239A7 /* UIKitPrjWebView.m */,
				198ADB1514E4109B00D239A7 /* UIKitPrjWebViewLoadData.h */,
				198ADB1614E4109B00D239A7 /* UIKitPrjWebViewLoadData.m */,
				198ADB1714E4109B00D239A7 /* UIKitPrjWebViewSimple.h */,
				198ADB1814E4109B00D239A7 /* UIKitPrjWebViewSimple.m */,
				198ADB1914E4109B00D239A7 /* UIKitPrjWorkingWithTheSelection.h */,
				198ADB1A14E4109B00D239A7 /* UIKitPrjWorkingWithTheSelection.m */,
				5BE0A5021064D01D00D4AACB /* RootViewController.h */,
				5BE0A5031064D01D00D4AACB /* RootViewController.m */,
				1D3623240D0F684500981E51 /* TextViewAndWebViewSampleAppDelegate.h */,
				1D3623250D0F684500981E51 /* TextViewAndWebViewSampleAppDelegate.m */,
			);
			path = Classes;
			sourceTree = "<group>";
		};
		1981C04E14B27472004CE0D5 /* css */ = {
			isa = PBXGroup;
			children = (
			);
			name = css;
			path = Resources/css;
			sourceTree = "<group>";
		};
		1981C05114B27472004CE0D5 /* img */ = {
			isa = PBXGroup;
			children = (
				1981C05214B27472004CE0D5 /* bg_footer.png */,
				1981C05314B27472004CE0D5 /* bg_header.png */,
				1981C05414B27472004CE0D5 /* footer.png */,
				1981C05514B27472004CE0D5 /* home.png */,
				1981C05714B27472004CE0D5 /* ico_next.png */,
				1981C05814B27472004CE0D5 /* img_almond.jpg */,
				1981C05914B27472004CE0D5 /* img_blackpepper.jpg */,
				1981C05A14B27472004CE0D5 /* img_cashew.jpg */,
				1981C05B14B27472004CE0D5 /* img_coriander.jpg */,
				1981C05C14B27472004CE0D5 /* img_cumin.jpg */,
				1981C05D14B27472004CE0D5 /* img_dining.jpg */,
				1981C05E14B27472004CE0D5 /* img_hazel.jpg */,
				1981C05F14B27472004CE0D5 /* img_nuts.jpg */,
				1981C06014B27472004CE0D5 /* img_pistachio.jpg */,
				1981C06114B27472004CE0D5 /* img_sesame.jpg */,
				1981C06214B27472004CE0D5 /* img_spice.jpg */,
			);
			name = img;
			path = Resources/img;
			sourceTree = "<group>";
		};
		1981C06514B27472004CE0D5 /* js */ = {
			isa = PBXGroup;
			children = (
			);
			name = js;
			path = Resources/js;
			sourceTree = "<group>";
		};
		19C28FACFE9D520D11CA2CBB /* Products */ = {
			isa = PBXGroup;
			children = (
				1D6058910D05DD3D006BFB54 /* TextViewAndWebViewSample.app */,
			);
			name = Products;
			sourceTree = "<group>";
		};
		29B97314FDCFA39411CA2CEA /* CustomTemplate */ = {
			isa = PBXGroup;
			children = (
				080E96DDFE201D6D7F000001 /* Classes */,
				29B97315FDCFA39411CA2CEA /* Other Sources */,
				29B97317FDCFA39411CA2CEA /* Resources */,
				29B97323FDCFA39411CA2CEA /* Frameworks */,
				19C28FACFE9D520D11CA2CBB /* Products */,
			);
			name = CustomTemplate;
			sourceTree = "<group>";
		};
		29B97315FDCFA39411CA2CEA /* Other Sources */ = {
			isa = PBXGroup;
			children = (
				32CA4F630368D1EE00C91783 /* TextViewAndWebViewSample_Prefix.pch */,
				29B97316FDCFA39411CA2CEA /* main.m */,
			);
			name = "Other Sources";
			sourceTree = "<group>";
		};
		29B97317FDCFA39411CA2CEA /* Resources */ = {
			isa = PBXGroup;
			children = (
				1981C06814B27472004CE0D5 /* jquery.mobile-1.0.min.js */,
				1981C06714B27472004CE0D5 /* jquery.js */,
				1981C06614B27472004CE0D5 /* iphone.js */,
				1981C05614B27472004CE0D5 /* ico_home.png */,
				1981C05014B27472004CE0D5 /* jquery.mobile-1.0.min.css */,
				1981C04F14B27472004CE0D5 /* iphone.css */,
				1981C06314B27472004CE0D5 /* logo.png */,
				1981C04D14B27472004CE0D5 /* cache.manifest */,
				1981C04E14B27472004CE0D5 /* css */,
				1981C05114B27472004CE0D5 /* img */,
				1981C06414B27472004CE0D5 /* index.html */,
				1981C06514B27472004CE0D5 /* js */,
				5B13203010674E2700913E54 /* page2.htm */,
				5B13203110674E2700913E54 /* page3.htm */,
				5B131FF41067460A00913E54 /* page1.htm */,
				5B131FF51067460A00913E54 /* top.htm */,
				5B131F9510672E9C00913E54 /* sample.pdf */,
				5B131F201067196F00913E54 /* dog.jpg */,
				5BE0A7741066C27900D4AACB /* sample.doc */,
				8D1107310486CEB800E47090 /* TextViewAndWebViewSample-Info.plist */,
				5BE0A5451065076200D4AACB /* InfoPlist.strings */,
			);
			name = Resources;
			sourceTree = "<group>";
		};
		29B97323FDCFA39411CA2CEA /* Frameworks */ = {
			isa = PBXGroup;
			children = (
				1DF5F4DF0D08C38300B7A737 /* UIKit.framework */,
				1D30AB110D05D00D00671497 /* Foundation.framework */,
				288765FC0DF74451002DB57D /* CoreGraphics.framework */,
			);
			name = Frameworks;
			sourceTree = "<group>";
		};
/* End PBXGroup section */

/* Begin PBXNativeTarget section */
		1D6058900D05DD3D006BFB54 /* TextViewAndWebViewSample */ = {
			isa = PBXNativeTarget;
			buildConfigurationList = 1D6058960D05DD3E006BFB54 /* Build configuration list for PBXNativeTarget "TextViewAndWebViewSample" */;
			buildPhases = (
				1D60588D0D05DD3D006BFB54 /* Resources */,
				1D60588E0D05DD3D006BFB54 /* Sources */,
				1D60588F0D05DD3D006BFB54 /* Frameworks */,
			);
			buildRules = (
			);
			dependencies = (
			);
			name = TextViewAndWebViewSample;
			productName = TextViewAndWebViewSample;
			productReference = 1D6058910D05DD3D006BFB54 /* TextViewAndWebViewSample.app */;
			productType = "com.apple.product-type.application";
		};
/* End PBXNativeTarget section */

/* Begin PBXProject section */
		29B97313FDCFA39411CA2CEA /* Project object */ = {
			isa = PBXProject;
			buildConfigurationList = C01FCF4E08A954540054247B /* Build configuration list for PBXProject "TextViewAndWebViewSample" */;
			compatibilityVersion = "Xcode 3.1";
			developmentRegion = English;
			hasScannedForEncodings = 1;
			knownRegions = (
				English,
				Japanese,
				French,
				German,
			);
			mainGroup = 29B97314FDCFA39411CA2CEA /* CustomTemplate */;
			projectDirPath = "";
			projectRoot = "";
			targets = (
				1D6058900D05DD3D006BFB54 /* TextViewAndWebViewSample */,
			);
		};
/* End PBXProject section */

/* Begin PBXResourcesBuildPhase section */
		1D60588D0D05DD3D006BFB54 /* Resources */ = {
			isa = PBXResourcesBuildPhase;
			buildActionMask = 2147483647;
			files = (
				1981C08114B27472004CE0D5 /* jquery.mobile-1.0.min.js in Resources */,
				1981C08014B27472004CE0D5 /* jquery.js in Resources */,
				1981C07F14B27472004CE0D5 /* iphone.js in Resources */,
				5BE0A5461065076200D4AACB /* InfoPlist.strings in Resources */,
				5BE0A7751066C27900D4AACB /* sample.doc in Resources */,
				5B131F211067196F00913E54 /* dog.jpg in Resources */,
				5B131F9610672E9C00913E54 /* sample.pdf in Resources */,
				5B131FF61067460A00913E54 /* page1.htm in Resources */,
				5B131FF71067460A00913E54 /* top.htm in Resources */,
				5B13203210674E2700913E54 /* page2.htm in Resources */,
				5B13203310674E2700913E54 /* page3.htm in Resources */,
				1981C06914B27472004CE0D5 /* cache.manifest in Resources */,
				1981C06A14B27472004CE0D5 /* iphone.css in Resources */,
				1981C06B14B27472004CE0D5 /* jquery.mobile-1.0.min.css in Resources */,
				1981C06C14B27472004CE0D5 /* bg_footer.png in Resources */,
				1981C06D14B27472004CE0D5 /* bg_header.png in Resources */,
				1981C06E14B27472004CE0D5 /* footer.png in Resources */,
				1981C06F14B27472004CE0D5 /* home.png in Resources */,
				1981C07014B27472004CE0D5 /* ico_home.png in Resources */,
				1981C07114B27472004CE0D5 /* ico_next.png in Resources */,
				1981C07214B27472004CE0D5 /* img_almond.jpg in Resources */,
				1981C07314B27472004CE0D5 /* img_blackpepper.jpg in Resources */,
				1981C07414B27472004CE0D5 /* img_cashew.jpg in Resources */,
				1981C07514B27472004CE0D5 /* img_coriander.jpg in Resources */,
				1981C07614B27472004CE0D5 /* img_cumin.jpg in Resources */,
				1981C07714B27472004CE0D5 /* img_dining.jpg in Resources */,
				1981C07814B27472004CE0D5 /* img_hazel.jpg in Resources */,
				1981C07914B27472004CE0D5 /* img_nuts.jpg in Resources */,
				1981C07A14B27472004CE0D5 /* img_pistachio.jpg in Resources */,
				1981C07B14B27472004CE0D5 /* img_sesame.jpg in Resources */,
				1981C07C14B27472004CE0D5 /* img_spice.jpg in Resources */,
				1981C07D14B27472004CE0D5 /* logo.png in Resources */,
				1981C07E14B27472004CE0D5 /* index.html in Resources */,
			);
			runOnlyForDeploymentPostprocessing = 0;
		};
/* End PBXResourcesBuildPhase section */

/* Begin PBXSourcesBuildPhase section */
		1D60588E0D05DD3D006BFB54 /* Sources */ = {
			isa = PBXSourcesBuildPhase;
			buildActionMask = 2147483647;
			files = (
				1D60589B0D05DD56006BFB54 /* main.m in Sources */,
				1D3623260D0F684500981E51 /* TextViewAndWebViewSampleAppDelegate.m in Sources */,
				5BE0A5061064D01D00D4AACB /* RootViewController.m in Sources */,
				198ADB1B14E4109B00D239A7 /* UIKitPrjDataDetectorTypes.m in Sources */,
				198ADB1C14E4109B00D239A7 /* UIKitPrjEditableTextView.m in Sources */,
				198ADB1D14E4109B00D239A7 /* UIKitPrjHTMLViewer.m in Sources */,
				198ADB1E14E4109B00D239A7 /* UIKitPrjKeyboard.m in Sources */,
				198ADB1F14E4109B00D239A7 /* UIKitPrjLoadHTMLString.m in Sources */,
				198ADB2014E4109B00D239A7 /* UIKitPrjSecureTextEntry.m in Sources */,
				198ADB2114E4109B00D239A7 /* UIKitPrjTextView.m in Sources */,
				198ADB2214E4109B00D239A7 /* UIKitPrjTextViewObserving.m in Sources */,
				198ADB2314E4109B00D239A7 /* UIKitPrjWebView.m in Sources */,
				198ADB2414E4109B00D239A7 /* UIKitPrjWebViewLoadData.m in Sources */,
				198ADB2514E4109B00D239A7 /* UIKitPrjWebViewSimple.m in Sources */,
				198ADB2614E4109B00D239A7 /* UIKitPrjWorkingWithTheSelection.m in Sources */,
			);
			runOnlyForDeploymentPostprocessing = 0;
		};
/* End PBXSourcesBuildPhase section */

/* Begin PBXVariantGroup section */
		5BE0A5451065076200D4AACB /* InfoPlist.strings */ = {
			isa = PBXVariantGroup;
			children = (
				5BE0A5421065072A00D4AACB /* English */,
				5BE0A5471065077700D4AACB /* Japanese */,
			);
			name = InfoPlist.strings;
			sourceTree = "<group>";
		};
/* End PBXVariantGroup section */

/* Begin XCBuildConfiguration section */
		1D6058940D05DD3E006BFB54 /* Debug */ = {
			isa = XCBuildConfiguration;
			buildSettings = {
				ALWAYS_SEARCH_USER_PATHS = NO;
				COPY_PHASE_STRIP = NO;
				GCC_DYNAMIC_NO_PIC = NO;
				GCC_OPTIMIZATION_LEVEL = 0;
				GCC_PRECOMPILE_PREFIX_HEADER = YES;
				GCC_PREFIX_HEADER = TextViewAndWebViewSample_Prefix.pch;
				INFOPLIST_FILE = "TextViewAndWebViewSample-Info.plist";
				PRODUCT_NAME = TextViewAndWebViewSample;
			};
			name = Debug;
		};
		1D6058950D05DD3E006BFB54 /* Release */ = {
			isa = XCBuildConfiguration;
			buildSettings = {
				ALWAYS_SEARCH_USER_PATHS = NO;
				COPY_PHASE_STRIP = YES;
				GCC_PRECOMPILE_PREFIX_HEADER = YES;
				GCC_PREFIX_HEADER = TextViewAndWebViewSample_Prefix.pch;
				INFOPLIST_FILE = "TextViewAndWebViewSample-Info.plist";
				PRODUCT_NAME = TextViewAndWebViewSample;
			};
			name = Release;
		};
		C01FCF4F08A954540054247B /* Debug */ = {
			isa = XCBuildConfiguration;
			buildSettings = {
				ARCHS = "$(ARCHS_STANDARD_32_BIT)";
				"CODE_SIGN_IDENTITY[sdk=iphoneos*]" = "iPhone Developer";
				GCC_C_LANGUAGE_STANDARD = c99;
				GCC_WARN_ABOUT_RETURN_TYPE = YES;
				GCC_WARN_UNUSED_VARIABLE = YES;
				IPHONEOS_DEPLOYMENT_TARGET = 2.2.1;
				PREBINDING = NO;
				SDKROOT = iphoneos;
			};
			name = Debug;
		};
		C01FCF5008A954540054247B /* Release */ = {
			isa = XCBuildConfiguration;
			buildSettings = {
				ARCHS = "$(ARCHS_STANDARD_32_BIT)";
				"CODE_SIGN_IDENTITY[sdk=iphoneos*]" = "iPhone Developer";
				GCC_C_LANGUAGE_STANDARD = c99;
				GCC_WARN_ABOUT_RETURN_TYPE = YES;
				GCC_WARN_UNUSED_VARIABLE = YES;
				PREBINDING = NO;
				SDKROOT = iphoneos;
			};
			name = Release;
		};
/* End XCBuildConfiguration section */

/* Begin XCConfigurationList section */
		1D6058960D05DD3E006BFB54 /* Build configuration list for PBXNativeTarget "TextViewAndWebViewSample" */ = {
			isa = XCConfigurationList;
			buildConfigurations = (
				1D6058940D05DD3E006BFB54 /* Debug */,
				1D6058950D05DD3E006BFB54 /* Release */,
			);
			defaultConfigurationIsVisible = 0;
			defaultConfigurationName = Release;
		};
		C01FCF4E08A954540054247B /* Build configuration list for PBXProject "TextViewAndWebViewSample" */ = {
			isa = XCConfigurationList;
			buildConfigurations = (
				C01FCF4F08A954540054247B /* Debug */,
				C01FCF5008A954540054247B /* Release */,
			);
			defaultConfigurationIsVisible = 0;
			defaultConfigurationName = Release;
		};
/* End XCConfigurationList section */
	};
	rootObject = 29B97313FDCFA39411CA2CEA /* Project object */;
}
