// !$*UTF8*$!
{
	archiveVersion = 1;
	classes = {
	};
	objectVersion = 45;
	objects = {

/* Begin PBXBuildFile section */
		198ADA7C14E3FEF000D239A7 /* UIKitPrjAnimationCurve.m in Sources */ = {isa = PBXBuildFile; fileRef = 198ADA5114E3FEF000D239A7 /* UIKitPrjAnimationCurve.m */; };
		198ADA7D14E3FEF000D239A7 /* UIKitPrjAnimationMove.m in Sources */ = {isa = PBXBuildFile; fileRef = 198ADA5314E3FEF000D239A7 /* UIKitPrjAnimationMove.m */; };
		198ADA7E14E3FEF000D239A7 /* UIKitPrjAnimationObserving.m in Sources */ = {isa = PBXBuildFile; fileRef = 198ADA5514E3FEF000D239A7 /* UIKitPrjAnimationObserving.m */; };
		198ADA7F14E3FEF000D239A7 /* UIKitPrjAnimationRepeat.m in Sources */ = {isa = PBXBuildFile; fileRef = 198ADA5714E3FEF000D239A7 /* UIKitPrjAnimationRepeat.m */; };
		198ADA8014E3FEF000D239A7 /* UIKitPrjAnimationTransform.m in Sources */ = {isa = PBXBuildFile; fileRef = 198ADA5914E3FEF000D239A7 /* UIKitPrjAnimationTransform.m */; };
		198ADA8114E3FEF000D239A7 /* UIKitPrjBaselineAdjustment.m in Sources */ = {isa = PBXBuildFile; fileRef = 198ADA5B14E3FEF000D239A7 /* UIKitPrjBaselineAdjustment.m */; };
		198ADA8214E3FEF000D239A7 /* UIKitPrjBlendMode.m in Sources */ = {isa = PBXBuildFile; fileRef = 198ADA5D14E3FEF000D239A7 /* UIKitPrjBlendMode.m */; };
		198ADA8314E3FEF000D239A7 /* UIKitPrjDrawingStrings.m in Sources */ = {isa = PBXBuildFile; fileRef = 198ADA5F14E3FEF000D239A7 /* UIKitPrjDrawingStrings.m */; };
		198ADA8414E3FEF000D239A7 /* UIKitPrjDrawingStringsInRect.m in Sources */ = {isa = PBXBuildFile; fileRef = 198ADA6114E3FEF000D239A7 /* UIKitPrjDrawingStringsInRect.m */; };
		198ADA8514E3FEF000D239A7 /* UIKitPrjFontWithName.m in Sources */ = {isa = PBXBuildFile; fileRef = 198ADA6314E3FEF000D239A7 /* UIKitPrjFontWithName.m */; };
		198ADA8614E3FEF000D239A7 /* UIKitPrjImageWithCap.m in Sources */ = {isa = PBXBuildFile; fileRef = 198ADA6514E3FEF000D239A7 /* UIKitPrjImageWithCap.m */; };
		198ADA8714E3FEF000D239A7 /* UIKitPrjLabel.m in Sources */ = {isa = PBXBuildFile; fileRef = 198ADA6714E3FEF000D239A7 /* UIKitPrjLabel.m */; };
		198ADA8814E3FEF000D239A7 /* UIKitPrjLineBreak.m in Sources */ = {isa = PBXBuildFile; fileRef = 198ADA6914E3FEF000D239A7 /* UIKitPrjLineBreak.m */; };
		198ADA8914E3FEF000D239A7 /* UIKitPrjMinFontSize.m in Sources */ = {isa = PBXBuildFile; fileRef = 198ADA6B14E3FEF000D239A7 /* UIKitPrjMinFontSize.m */; };
		198ADA8A14E3FEF000D239A7 /* UIKitPrjOpaque.m in Sources */ = {isa = PBXBuildFile; fileRef = 198ADA6D14E3FEF000D239A7 /* UIKitPrjOpaque.m */; };
		198ADA8B14E3FEF000D239A7 /* UIKitPrjSizeWithFont.m in Sources */ = {isa = PBXBuildFile; fileRef = 198ADA6F14E3FEF000D239A7 /* UIKitPrjSizeWithFont.m */; };
		198ADA8C14E3FEF000D239A7 /* UIKitPrjSystemFont.m in Sources */ = {isa = PBXBuildFile; fileRef = 198ADA7114E3FEF000D239A7 /* UIKitPrjSystemFont.m */; };
		198ADA8D14E3FEF000D239A7 /* UIKitPrjTextAlignment.m in Sources */ = {isa = PBXBuildFile; fileRef = 198ADA7314E3FEF000D239A7 /* UIKitPrjTextAlignment.m */; };
		198ADA8E14E3FEF000D239A7 /* UIKitPrjTransition.m in Sources */ = {isa = PBXBuildFile; fileRef = 198ADA7514E3FEF000D239A7 /* UIKitPrjTransition.m */; };
		198ADA8F14E3FEF000D239A7 /* UIKitPrjUIImage.m in Sources */ = {isa = PBXBuildFile; fileRef = 198ADA7714E3FEF000D239A7 /* UIKitPrjUIImage.m */; };
		198ADA9014E3FEF000D239A7 /* UIKitPrjUIImageView.m in Sources */ = {isa = PBXBuildFile; fileRef = 198ADA7914E3FEF000D239A7 /* UIKitPrjUIImageView.m */; };
		198ADA9114E3FEF000D239A7 /* UIKitPrjUIImageViewAnimation.m in Sources */ = {isa = PBXBuildFile; fileRef = 198ADA7B14E3FEF000D239A7 /* UIKitPrjUIImageViewAnimation.m */; };
		1D3623260D0F684500981E51 /* GraphicsSampleAppDelegate.m in Sources */ = {isa = PBXBuildFile; fileRef = 1D3623250D0F684500981E51 /* GraphicsSampleAppDelegate.m */; };
		1D60589B0D05DD56006BFB54 /* main.m in Sources */ = {isa = PBXBuildFile; fileRef = 29B97316FDCFA39411CA2CEA /* main.m */; };
		1D60589F0D05DD5A006BFB54 /* Foundation.framework in Frameworks */ = {isa = PBXBuildFile; fileRef = 1D30AB110D05D00D00671497 /* Foundation.framework */; };
		1DF5F4E00D08C38300B7A737 /* UIKit.framework in Frameworks */ = {isa = PBXBuildFile; fileRef = 1DF5F4DF0D08C38300B7A737 /* UIKit.framework */; };
		288765FD0DF74451002DB57D /* CoreGraphics.framework in Frameworks */ = {isa = PBXBuildFile; fileRef = 288765FC0DF74451002DB57D /* CoreGraphics.framework */; };
		5B89ADEE10568420005E73D7 /* RootViewController.m in Sources */ = {isa = PBXBuildFile; fileRef = 5B89ADEB10568420005E73D7 /* RootViewController.m */; };
		5BF548ED105C1D5600F827D2 /* chara1.png in Resources */ = {isa = PBXBuildFile; fileRef = 5BF548EA105C1D5600F827D2 /* chara1.png */; };
		5BF548EE105C1D5600F827D2 /* chara2.png in Resources */ = {isa = PBXBuildFile; fileRef = 5BF548EB105C1D5600F827D2 /* chara2.png */; };
		5BF548EF105C1D5600F827D2 /* dog.jpg in Resources */ = {isa = PBXBuildFile; fileRef = 5BF548EC105C1D5600F827D2 /* dog.jpg */; };
		5BF54924105C4FFB00F827D2 /* back.png in Resources */ = {isa = PBXBuildFile; fileRef = 5BF54923105C4FFB00F827D2 /* back.png */; };
		5BF549AE105C888700F827D2 /* circle.png in Resources */ = {isa = PBXBuildFile; fileRef = 5BF549AD105C888700F827D2 /* circle.png */; };
		5BF54AE9105CD82000F827D2 /* star.png in Resources */ = {isa = PBXBuildFile; fileRef = 5BF54AE8105CD82000F827D2 /* star.png */; };
		5BF54B98105D175700F827D2 /* town.jpg in Resources */ = {isa = PBXBuildFile; fileRef = 5BF54B97105D175700F827D2 /* town.jpg */; };
/* End PBXBuildFile section */

/* Begin PBXFileReference section */
		198ADA5014E3FEF000D239A7 /* UIKitPrjAnimationCurve.h */ = {isa = PBXFileReference; fileEncoding = 4; lastKnownFileType = sourcecode.c.h; path = UIKitPrjAnimationCurve.h; sourceTree = "<group>"; };
		198ADA5114E3FEF000D239A7 /* UIKitPrjAnimationCurve.m */ = {isa = PBXFileReference; fileEncoding = 4; lastKnownFileType = sourcecode.c.objc; path = UIKitPrjAnimationCurve.m; sourceTree = "<group>"; };
		198ADA5214E3FEF000D239A7 /* UIKitPrjAnimationMove.h */ = {isa = PBXFileReference; fileEncoding = 4; lastKnownFileType = sourcecode.c.h; path = UIKitPrjAnimationMove.h; sourceTree = "<group>"; };
		198ADA5314E3FEF000D239A7 /* UIKitPrjAnimationMove.m */ = {isa = PBXFileReference; fileEncoding = 4; lastKnownFileType = sourcecode.c.objc; path = UIKitPrjAnimationMove.m; sourceTree = "<group>"; };
		198ADA5414E3FEF000D239A7 /* UIKitPrjAnimationObserving.h */ = {isa = PBXFileReference; fileEncoding = 4; lastKnownFileType = sourcecode.c.h; path = UIKitPrjAnimationObserving.h; sourceTree = "<group>"; };
		198ADA5514E3FEF000D239A7 /* UIKitPrjAnimationObserving.m */ = {isa = PBXFileReference; fileEncoding = 4; lastKnownFileType = sourcecode.c.objc; path = UIKitPrjAnimationObserving.m; sourceTree = "<group>"; };
		198ADA5614E3FEF000D239A7 /* UIKitPrjAnimationRepeat.h */ = {isa = PBXFileReference; fileEncoding = 4; lastKnownFileType = sourcecode.c.h; path = UIKitPrjAnimationRepeat.h; sourceTree = "<group>"; };
		198ADA5714E3FEF000D239A7 /* UIKitPrjAnimationRepeat.m */ = {isa = PBXFileReference; fileEncoding = 4; lastKnownFileType = sourcecode.c.objc; path = UIKitPrjAnimationRepeat.m; sourceTree = "<group>"; };
		198ADA5814E3FEF000D239A7 /* UIKitPrjAnimationTransform.h */ = {isa = PBXFileReference; fileEncoding = 4; lastKnownFileType = sourcecode.c.h; path = UIKitPrjAnimationTransform.h; sourceTree = "<group>"; };
		198ADA5914E3FEF000D239A7 /* UIKitPrjAnimationTransform.m */ = {isa = PBXFileReference; fileEncoding = 4; lastKnownFileType = sourcecode.c.objc; path = UIKitPrjAnimationTransform.m; sourceTree = "<group>"; };
		198ADA5A14E3FEF000D239A7 /* UIKitPrjBaselineAdjustment.h */ = {isa = PBXFileReference; fileEncoding = 4; lastKnownFileType = sourcecode.c.h; path = UIKitPrjBaselineAdjustment.h; sourceTree = "<group>"; };
		198ADA5B14E3FEF000D239A7 /* UIKitPrjBaselineAdjustment.m */ = {isa = PBXFileReference; fileEncoding = 4; lastKnownFileType = sourcecode.c.objc; path = UIKitPrjBaselineAdjustment.m; sourceTree = "<group>"; };
		198ADA5C14E3FEF000D239A7 /* UIKitPrjBlendMode.h */ = {isa = PBXFileReference; fileEncoding = 4; lastKnownFileType = sourcecode.c.h; path = UIKitPrjBlendMode.h; sourceTree = "<group>"; };
		198ADA5D14E3FEF000D239A7 /* UIKitPrjBlendMode.m */ = {isa = PBXFileReference; fileEncoding = 4; lastKnownFileType = sourcecode.c.objc; path = UIKitPrjBlendMode.m; sourceTree = "<group>"; };
		198ADA5E14E3FEF000D239A7 /* UIKitPrjDrawingStrings.h */ = {isa = PBXFileReference; fileEncoding = 4; lastKnownFileType = sourcecode.c.h; path = UIKitPrjDrawingStrings.h; sourceTree = "<group>"; };
		198ADA5F14E3FEF000D239A7 /* UIKitPrjDrawingStrings.m */ = {isa = PBXFileReference; fileEncoding = 4; lastKnownFileType = sourcecode.c.objc; path = UIKitPrjDrawingStrings.m; sourceTree = "<group>"; };
		198ADA6014E3FEF000D239A7 /* UIKitPrjDrawingStringsInRect.h */ = {isa = PBXFileReference; fileEncoding = 4; lastKnownFileType = sourcecode.c.h; path = UIKitPrjDrawingStringsInRect.h; sourceTree = "<group>"; };
		198ADA6114E3FEF000D239A7 /* UIKitPrjDrawingStringsInRect.m */ = {isa = PBXFileReference; fileEncoding = 4; lastKnownFileType = sourcecode.c.objc; path = UIKitPrjDrawingStringsInRect.m; sourceTree = "<group>"; };
		198ADA6214E3FEF000D239A7 /* UIKitPrjFontWithName.h */ = {isa = PBXFileReference; fileEncoding = 4; lastKnownFileType = sourcecode.c.h; path = UIKitPrjFontWithName.h; sourceTree = "<group>"; };
		198ADA6314E3FEF000D239A7 /* UIKitPrjFontWithName.m */ = {isa = PBXFileReference; fileEncoding = 4; lastKnownFileType = sourcecode.c.objc; path = UIKitPrjFontWithName.m; sourceTree = "<group>"; };
		198ADA6414E3FEF000D239A7 /* UIKitPrjImageWithCap.h */ = {isa = PBXFileReference; fileEncoding = 4; lastKnownFileType = sourcecode.c.h; path = UIKitPrjImageWithCap.h; sourceTree = "<group>"; };
		198ADA6514E3FEF000D239A7 /* UIKitPrjImageWithCap.m */ = {isa = PBXFileReference; fileEncoding = 4; lastKnownFileType = sourcecode.c.objc; path = UIKitPrjImageWithCap.m; sourceTree = "<group>"; };
		198ADA6614E3FEF000D239A7 /* UIKitPrjLabel.h */ = {isa = PBXFileReference; fileEncoding = 4; lastKnownFileType = sourcecode.c.h; path = UIKitPrjLabel.h; sourceTree = "<group>"; };
		198ADA6714E3FEF000D239A7 /* UIKitPrjLabel.m */ = {isa = PBXFileReference; fileEncoding = 4; lastKnownFileType = sourcecode.c.objc; path = UIKitPrjLabel.m; sourceTree = "<group>"; };
		198ADA6814E3FEF000D239A7 /* UIKitPrjLineBreak.h */ = {isa = PBXFileReference; fileEncoding = 4; lastKnownFileType = sourcecode.c.h; path = UIKitPrjLineBreak.h; sourceTree = "<group>"; };
		198ADA6914E3FEF000D239A7 /* UIKitPrjLineBreak.m */ = {isa = PBXFileReference; fileEncoding = 4; lastKnownFileType = sourcecode.c.objc; path = UIKitPrjLineBreak.m; sourceTree = "<group>"; };
		198ADA6A14E3FEF000D239A7 /* UIKitPrjMinFontSize.h */ = {isa = PBXFileReference; fileEncoding = 4; lastKnownFileType = sourcecode.c.h; path = UIKitPrjMinFontSize.h; sourceTree = "<group>"; };
		198ADA6B14E3FEF000D239A7 /* UIKitPrjMinFontSize.m */ = {isa = PBXFileReference; fileEncoding = 4; lastKnownFileType = sourcecode.c.objc; path = UIKitPrjMinFontSize.m; sourceTree = "<group>"; };
		198ADA6C14E3FEF000D239A7 /* UIKitPrjOpaque.h */ = {isa = PBXFileReference; fileEncoding = 4; lastKnownFileType = sourcecode.c.h; path = UIKitPrjOpaque.h; sourceTree = "<group>"; };
		198ADA6D14E3FEF000D239A7 /* UIKitPrjOpaque.m */ = {isa = PBXFileReference; fileEncoding = 4; lastKnownFileType = sourcecode.c.objc; path = UIKitPrjOpaque.m; sourceTree = "<group>"; };
		198ADA6E14E3FEF000D239A7 /* UIKitPrjSizeWithFont.h */ = {isa = PBXFileReference; fileEncoding = 4; lastKnownFileType = sourcecode.c.h; path = UIKitPrjSizeWithFont.h; sourceTree = "<group>"; };
		198ADA6F14E3FEF000D239A7 /* UIKitPrjSizeWithFont.m */ = {isa = PBXFileReference; fileEncoding = 4; lastKnownFileType = sourcecode.c.objc; path = UIKitPrjSizeWithFont.m; sourceTree = "<group>"; };
		198ADA7014E3FEF000D239A7 /* UIKitPrjSystemFont.h */ = {isa = PBXFileReference; fileEncoding = 4; lastKnownFileType = sourcecode.c.h; path = UIKitPrjSystemFont.h; sourceTree = "<group>"; };
		198ADA7114E3FEF000D239A7 /* UIKitPrjSystemFont.m */ = {isa = PBXFileReference; fileEncoding = 4; lastKnownFileType = sourcecode.c.objc; path = UIKitPrjSystemFont.m; sourceTree = "<group>"; };
		198ADA7214E3FEF000D239A7 /* UIKitPrjTextAlignment.h */ = {isa = PBXFileReference; fileEncoding = 4; lastKnownFileType = sourcecode.c.h; path = UIKitPrjTextAlignment.h; sourceTree = "<group>"; };
		198ADA7314E3FEF000D239A7 /* UIKitPrjTextAlignment.m */ = {isa = PBXFileReference; fileEncoding = 4; lastKnownFileType = sourcecode.c.objc; path = UIKitPrjTextAlignment.m; sourceTree = "<group>"; };
		198ADA7414E3FEF000D239A7 /* UIKitPrjTransition.h */ = {isa = PBXFileReference; fileEncoding = 4; lastKnownFileType = sourcecode.c.h; path = UIKitPrjTransition.h; sourceTree = "<group>"; };
		198ADA7514E3FEF000D239A7 /* UIKitPrjTransition.m */ = {isa = PBXFileReference; fileEncoding = 4; lastKnownFileType = sourcecode.c.objc; path = UIKitPrjTransition.m; sourceTree = "<group>"; };
		198ADA7614E3FEF000D239A7 /* UIKitPrjUIImage.h */ = {isa = PBXFileReference; fileEncoding = 4; lastKnownFileType = sourcecode.c.h; path = UIKitPrjUIImage.h; sourceTree = "<group>"; };
		198ADA7714E3FEF000D239A7 /* UIKitPrjUIImage.m */ = {isa = PBXFileReference; fileEncoding = 4; lastKnownFileType = sourcecode.c.objc; path = UIKitPrjUIImage.m; sourceTree = "<group>"; };
		198ADA7814E3FEF000D239A7 /* UIKitPrjUIImageView.h */ = {isa = PBXFileReference; fileEncoding = 4; lastKnownFileType = sourcecode.c.h; path = UIKitPrjUIImageView.h; sourceTree = "<group>"; };
		198ADA7914E3FEF000D239A7 /* UIKitPrjUIImageView.m */ = {isa = PBXFileReference; fileEncoding = 4; lastKnownFileType = sourcecode.c.objc; path = UIKitPrjUIImageView.m; sourceTree = "<group>"; };
		198ADA7A14E3FEF000D239A7 /* UIKitPrjUIImageViewAnimation.h */ = {isa = PBXFileReference; fileEncoding = 4; lastKnownFileType = sourcecode.c.h; path = UIKitPrjUIImageViewAnimation.h; sourceTree = "<group>"; };
		198ADA7B14E3FEF000D239A7 /* UIKitPrjUIImageViewAnimation.m */ = {isa = PBXFileReference; fileEncoding = 4; lastKnownFileType = sourcecode.c.objc; path = UIKitPrjUIImageViewAnimation.m; sourceTree = "<group>"; };
		1D30AB110D05D00D00671497 /* Foundation.framework */ = {isa = PBXFileReference; lastKnownFileType = wrapper.framework; name = Foundation.framework; path = System/Library/Frameworks/Foundation.framework; sourceTree = SDKROOT; };
		1D3623240D0F684500981E51 /* GraphicsSampleAppDelegate.h */ = {isa = PBXFileReference; fileEncoding = 4; lastKnownFileType = sourcecode.c.h; path = GraphicsSampleAppDelegate.h; sourceTree = "<group>"; };
		1D3623250D0F684500981E51 /* GraphicsSampleAppDelegate.m */ = {isa = PBXFileReference; fileEncoding = 4; lastKnownFileType = sourcecode.c.objc; path = GraphicsSampleAppDelegate.m; sourceTree = "<group>"; };
		1D6058910D05DD3D006BFB54 /* GraphicsSample.app */ = {isa = PBXFileReference; explicitFileType = wrapper.application; includeInIndex = 0; path = GraphicsSample.app; sourceTree = BUILT_PRODUCTS_DIR; };
		1DF5F4DF0D08C38300B7A737 /* UIKit.framework */ = {isa = PBXFileReference; lastKnownFileType = wrapper.framework; name = UIKit.framework; path = System/Library/Frameworks/UIKit.framework; sourceTree = SDKROOT; };
		288765FC0DF74451002DB57D /* CoreGraphics.framework */ = {isa = PBXFileReference; lastKnownFileType = wrapper.framework; name = CoreGraphics.framework; path = System/Library/Frameworks/CoreGraphics.framework; sourceTree = SDKROOT; };
		29B97316FDCFA39411CA2CEA /* main.m */ = {isa = PBXFileReference; fileEncoding = 4; lastKnownFileType = sourcecode.c.objc; path = main.m; sourceTree = "<group>"; };
		32CA4F630368D1EE00C91783 /* GraphicsSample_Prefix.pch */ = {isa = PBXFileReference; fileEncoding = 4; lastKnownFileType = sourcecode.c.h; path = GraphicsSample_Prefix.pch; sourceTree = "<group>"; };
		5B89ADEA10568420005E73D7 /* RootViewController.h */ = {isa = PBXFileReference; fileEncoding = 4; lastKnownFileType = sourcecode.c.h; path = RootViewController.h; sourceTree = "<group>"; };
		5B89ADEB10568420005E73D7 /* RootViewController.m */ = {isa = PBXFileReference; fileEncoding = 4; lastKnownFileType = sourcecode.c.objc; path = RootViewController.m; sourceTree = "<group>"; };
		5BF548EA105C1D5600F827D2 /* chara1.png */ = {isa = PBXFileReference; lastKnownFileType = image.png; name = chara1.png; path = Images/chara1.png; sourceTree = "<group>"; };
		5BF548EB105C1D5600F827D2 /* chara2.png */ = {isa = PBXFileReference; lastKnownFileType = image.png; name = chara2.png; path = Images/chara2.png; sourceTree = "<group>"; };
		5BF548EC105C1D5600F827D2 /* dog.jpg */ = {isa = PBXFileReference; lastKnownFileType = image.jpeg; name = dog.jpg; path = Images/dog.jpg; sourceTree = "<group>"; };
		5BF54923105C4FFB00F827D2 /* back.png */ = {isa = PBXFileReference; lastKnownFileType = image.png; name = back.png; path = Images/back.png; sourceTree = "<group>"; };
		5BF549AD105C888700F827D2 /* circle.png */ = {isa = PBXFileReference; lastKnownFileType = image.png; name = circle.png; path = Images/circle.png; sourceTree = "<group>"; };
		5BF54AE8105CD82000F827D2 /* star.png */ = {isa = PBXFileReference; lastKnownFileType = image.png; name = star.png; path = Images/star.png; sourceTree = "<group>"; };
		5BF54B97105D175700F827D2 /* town.jpg */ = {isa = PBXFileReference; lastKnownFileType = image.jpeg; name = town.jpg; path = Images/town.jpg; sourceTree = "<group>"; };
		8D1107310486CEB800E47090 /* GraphicsSample-Info.plist */ = {isa = PBXFileReference; fileEncoding = 4; lastKnownFileType = text.plist.xml; path = "GraphicsSample-Info.plist"; plistStructureDefinitionIdentifier = "com.apple.xcode.plist.structure-definition.iphone.info-plist"; sourceTree = "<group>"; };
/* End PBXFileReference section */

/* Begin PBXFrameworksBuildPhase section */
		1D60588F0D05DD3D006BFB54 /* Frameworks */ = {
			isa = PBXFrameworksBuildPhase;
			buildActionMask = 2147483647;
			files = (
				1D60589F0D05DD5A006BFB54 /* Foundation.framework in Frameworks */,
				1DF5F4E00D08C38300B7A737 /* UIKit.framework in Frameworks */,
				288765FD0DF74451002DB57D /* CoreGraphics.framework in Frameworks */,
			);
			runOnlyForDeploymentPostprocessing = 0;
		};
/* End PBXFrameworksBuildPhase section */

/* Begin PBXGroup section */
		080E96DDFE201D6D7F000001 /* Classes */ = {
			isa = PBXGroup;
			children = (
				198ADA5014E3FEF000D239A7 /* UIKitPrjAnimationCurve.h */,
				198ADA5114E3FEF000D239A7 /* UIKitPrjAnimationCurve.m */,
				198ADA5214E3FEF000D239A7 /* UIKitPrjAnimationMove.h */,
				198ADA5314E3FEF000D239A7 /* UIKitPrjAnimationMove.m */,
				198ADA5414E3FEF000D239A7 /* UIKitPrjAnimationObserving.h */,
				198ADA5514E3FEF000D239A7 /* UIKitPrjAnimationObserving.m */,
				198ADA5614E3FEF000D239A7 /* UIKitPrjAnimationRepeat.h */,
				198ADA5714E3FEF000D239A7 /* UIKitPrjAnimationRepeat.m */,
				198ADA5814E3FEF000D239A7 /* UIKitPrjAnimationTransform.h */,
				198ADA5914E3FEF000D239A7 /* UIKitPrjAnimationTransform.m */,
				198ADA5A14E3FEF000D239A7 /* UIKitPrjBaselineAdjustment.h */,
				198ADA5B14E3FEF000D239A7 /* UIKitPrjBaselineAdjustment.m */,
				198ADA5C14E3FEF000D239A7 /* UIKitPrjBlendMode.h */,
				198ADA5D14E3FEF000D239A7 /* UIKitPrjBlendMode.m */,
				198ADA5E14E3FEF000D239A7 /* UIKitPrjDrawingStrings.h */,
				198ADA5F14E3FEF000D239A7 /* UIKitPrjDrawingStrings.m */,
				198ADA6014E3FEF000D239A7 /* UIKitPrjDrawingStringsInRect.h */,
				198ADA6114E3FEF000D239A7 /* UIKitPrjDrawingStringsInRect.m */,
				198ADA6214E3FEF000D239A7 /* UIKitPrjFontWithName.h */,
				198ADA6314E3FEF000D239A7 /* UIKitPrjFontWithName.m */,
				198ADA6414E3FEF000D239A7 /* UIKitPrjImageWithCap.h */,
				198ADA6514E3FEF000D239A7 /* UIKitPrjImageWithCap.m */,
				198ADA6614E3FEF000D239A7 /* UIKitPrjLabel.h */,
				198ADA6714E3FEF000D239A7 /* UIKitPrjLabel.m */,
				198ADA6814E3FEF000D239A7 /* UIKitPrjLineBreak.h */,
				198ADA6914E3FEF000D239A7 /* UIKitPrjLineBreak.m */,
				198ADA6A14E3FEF000D239A7 /* UIKitPrjMinFontSize.h */,
				198ADA6B14E3FEF000D239A7 /* UIKitPrjMinFontSize.m */,
				198ADA6C14E3FEF000D239A7 /* UIKitPrjOpaque.h */,
				198ADA6D14E3FEF000D239A7 /* UIKitPrjOpaque.m */,
				198ADA6E14E3FEF000D239A7 /* UIKitPrjSizeWithFont.h */,
				198ADA6F14E3FEF000D239A7 /* UIKitPrjSizeWithFont.m */,
				198ADA7014E3FEF000D239A7 /* UIKitPrjSystemFont.h */,
				198ADA7114E3FEF000D239A7 /* UIKitPrjSystemFont.m */,
				198ADA7214E3FEF000D239A7 /* UIKitPrjTextAlignment.h */,
				198ADA7314E3FEF000D239A7 /* UIKitPrjTextAlignment.m */,
				198ADA7414E3FEF000D239A7 /* UIKitPrjTransition.h */,
				198ADA7514E3FEF000D239A7 /* UIKitPrjTransition.m */,
				198ADA7614E3FEF000D239A7 /* UIKitPrjUIImage.h */,
				198ADA7714E3FEF000D239A7 /* UIKitPrjUIImage.m */,
				198ADA7814E3FEF000D239A7 /* UIKitPrjUIImageView.h */,
				198ADA7914E3FEF000D239A7 /* UIKitPrjUIImageView.m */,
				198ADA7A14E3FEF000D239A7 /* UIKitPrjUIImageViewAnimation.h */,
				198ADA7B14E3FEF000D239A7 /* UIKitPrjUIImageViewAnimation.m */,
				5B89ADEA10568420005E73D7 /* RootViewController.h */,
				5B89ADEB10568420005E73D7 /* RootViewController.m */,
				1D3623240D0F684500981E51 /* GraphicsSampleAppDelegate.h */,
				1D3623250D0F684500981E51 /* GraphicsSampleAppDelegate.m */,
			);
			path = Classes;
			sourceTree = "<group>";
		};
		19C28FACFE9D520D11CA2CBB /* Products */ = {
			isa = PBXGroup;
			children = (
				1D6058910D05DD3D006BFB54 /* GraphicsSample.app */,
			);
			name = Products;
			sourceTree = "<group>";
		};
		29B97314FDCFA39411CA2CEA /* CustomTemplate */ = {
			isa = PBXGroup;
			children = (
				080E96DDFE201D6D7F000001 /* Classes */,
				29B97315FDCFA39411CA2CEA /* Other Sources */,
				29B97317FDCFA39411CA2CEA /* Resources */,
				29B97323FDCFA39411CA2CEA /* Frameworks */,
				19C28FACFE9D520D11CA2CBB /* Products */,
			);
			name = CustomTemplate;
			sourceTree = "<group>";
		};
		29B97315FDCFA39411CA2CEA /* Other Sources */ = {
			isa = PBXGroup;
			children = (
				32CA4F630368D1EE00C91783 /* GraphicsSample_Prefix.pch */,
				29B97316FDCFA39411CA2CEA /* main.m */,
			);
			name = "Other Sources";
			sourceTree = "<group>";
		};
		29B97317FDCFA39411CA2CEA /* Resources */ = {
			isa = PBXGroup;
			children = (
				5BF54B97105D175700F827D2 /* town.jpg */,
				5BF54AE8105CD82000F827D2 /* star.png */,
				5BF549AD105C888700F827D2 /* circle.png */,
				5BF54923105C4FFB00F827D2 /* back.png */,
				5BF548EA105C1D5600F827D2 /* chara1.png */,
				5BF548EB105C1D5600F827D2 /* chara2.png */,
				5BF548EC105C1D5600F827D2 /* dog.jpg */,
				8D1107310486CEB800E47090 /* GraphicsSample-Info.plist */,
			);
			name = Resources;
			sourceTree = "<group>";
		};
		29B97323FDCFA39411CA2CEA /* Frameworks */ = {
			isa = PBXGroup;
			children = (
				1DF5F4DF0D08C38300B7A737 /* UIKit.framework */,
				1D30AB110D05D00D00671497 /* Foundation.framework */,
				288765FC0DF74451002DB57D /* CoreGraphics.framework */,
			);
			name = Frameworks;
			sourceTree = "<group>";
		};
/* End PBXGroup section */

/* Begin PBXNativeTarget section */
		1D6058900D05DD3D006BFB54 /* GraphicsSample */ = {
			isa = PBXNativeTarget;
			buildConfigurationList = 1D6058960D05DD3E006BFB54 /* Build configuration list for PBXNativeTarget "GraphicsSample" */;
			buildPhases = (
				1D60588D0D05DD3D006BFB54 /* Resources */,
				1D60588E0D05DD3D006BFB54 /* Sources */,
				1D60588F0D05DD3D006BFB54 /* Frameworks */,
			);
			buildRules = (
			);
			dependencies = (
			);
			name = GraphicsSample;
			productName = GraphicsSample;
			productReference = 1D6058910D05DD3D006BFB54 /* GraphicsSample.app */;
			productType = "com.apple.product-type.application";
		};
/* End PBXNativeTarget section */

/* Begin PBXProject section */
		29B97313FDCFA39411CA2CEA /* Project object */ = {
			isa = PBXProject;
			buildConfigurationList = C01FCF4E08A954540054247B /* Build configuration list for PBXProject "GraphicsSample" */;
			compatibilityVersion = "Xcode 3.1";
			developmentRegion = English;
			hasScannedForEncodings = 1;
			knownRegions = (
				English,
				Japanese,
				French,
				German,
			);
			mainGroup = 29B97314FDCFA39411CA2CEA /* CustomTemplate */;
			projectDirPath = "";
			projectRoot = "";
			targets = (
				1D6058900D05DD3D006BFB54 /* GraphicsSample */,
			);
		};
/* End PBXProject section */

/* Begin PBXResourcesBuildPhase section */
		1D60588D0D05DD3D006BFB54 /* Resources */ = {
			isa = PBXResourcesBuildPhase;
			buildActionMask = 2147483647;
			files = (
				5BF548ED105C1D5600F827D2 /* chara1.png in Resources */,
				5BF548EE105C1D5600F827D2 /* chara2.png in Resources */,
				5BF548EF105C1D5600F827D2 /* dog.jpg in Resources */,
				5BF54924105C4FFB00F827D2 /* back.png in Resources */,
				5BF549AE105C888700F827D2 /* circle.png in Resources */,
				5BF54AE9105CD82000F827D2 /* star.png in Resources */,
				5BF54B98105D175700F827D2 /* town.jpg in Resources */,
			);
			runOnlyForDeploymentPostprocessing = 0;
		};
/* End PBXResourcesBuildPhase section */

/* Begin PBXSourcesBuildPhase section */
		1D60588E0D05DD3D006BFB54 /* Sources */ = {
			isa = PBXSourcesBuildPhase;
			buildActionMask = 2147483647;
			files = (
				1D60589B0D05DD56006BFB54 /* main.m in Sources */,
				1D3623260D0F684500981E51 /* GraphicsSampleAppDelegate.m in Sources */,
				5B89ADEE10568420005E73D7 /* RootViewController.m in Sources */,
				198ADA7C14E3FEF000D239A7 /* UIKitPrjAnimationCurve.m in Sources */,
				198ADA7D14E3FEF000D239A7 /* UIKitPrjAnimationMove.m in Sources */,
				198ADA7E14E3FEF000D239A7 /* UIKitPrjAnimationObserving.m in Sources */,
				198ADA7F14E3FEF000D239A7 /* UIKitPrjAnimationRepeat.m in Sources */,
				198ADA8014E3FEF000D239A7 /* UIKitPrjAnimationTransform.m in Sources */,
				198ADA8114E3FEF000D239A7 /* UIKitPrjBaselineAdjustment.m in Sources */,
				198ADA8214E3FEF000D239A7 /* UIKitPrjBlendMode.m in Sources */,
				198ADA8314E3FEF000D239A7 /* UIKitPrjDrawingStrings.m in Sources */,
				198ADA8414E3FEF000D239A7 /* UIKitPrjDrawingStringsInRect.m in Sources */,
				198ADA8514E3FEF000D239A7 /* UIKitPrjFontWithName.m in Sources */,
				198ADA8614E3FEF000D239A7 /* UIKitPrjImageWithCap.m in Sources */,
				198ADA8714E3FEF000D239A7 /* UIKitPrjLabel.m in Sources */,
				198ADA8814E3FEF000D239A7 /* UIKitPrjLineBreak.m in Sources */,
				198ADA8914E3FEF000D239A7 /* UIKitPrjMinFontSize.m in Sources */,
				198ADA8A14E3FEF000D239A7 /* UIKitPrjOpaque.m in Sources */,
				198ADA8B14E3FEF000D239A7 /* UIKitPrjSizeWithFont.m in Sources */,
				198ADA8C14E3FEF000D239A7 /* UIKitPrjSystemFont.m in Sources */,
				198ADA8D14E3FEF000D239A7 /* UIKitPrjTextAlignment.m in Sources */,
				198ADA8E14E3FEF000D239A7 /* UIKitPrjTransition.m in Sources */,
				198ADA8F14E3FEF000D239A7 /* UIKitPrjUIImage.m in Sources */,
				198ADA9014E3FEF000D239A7 /* UIKitPrjUIImageView.m in Sources */,
				198ADA9114E3FEF000D239A7 /* UIKitPrjUIImageViewAnimation.m in Sources */,
			);
			runOnlyForDeploymentPostprocessing = 0;
		};
/* End PBXSourcesBuildPhase section */

/* Begin XCBuildConfiguration section */
		1D6058940D05DD3E006BFB54 /* Debug */ = {
			isa = XCBuildConfiguration;
			buildSettings = {
				ALWAYS_SEARCH_USER_PATHS = NO;
				COPY_PHASE_STRIP = NO;
				GCC_DYNAMIC_NO_PIC = NO;
				GCC_OPTIMIZATION_LEVEL = 0;
				GCC_PRECOMPILE_PREFIX_HEADER = YES;
				GCC_PREFIX_HEADER = GraphicsSample_Prefix.pch;
				INFOPLIST_FILE = "GraphicsSample-Info.plist";
				PRODUCT_NAME = GraphicsSample;
			};
			name = Debug;
		};
		1D6058950D05DD3E006BFB54 /* Release */ = {
			isa = XCBuildConfiguration;
			buildSettings = {
				ALWAYS_SEARCH_USER_PATHS = NO;
				COPY_PHASE_STRIP = YES;
				GCC_PRECOMPILE_PREFIX_HEADER = YES;
				GCC_PREFIX_HEADER = GraphicsSample_Prefix.pch;
				INFOPLIST_FILE = "GraphicsSample-Info.plist";
				PRODUCT_NAME = GraphicsSample;
			};
			name = Release;
		};
		C01FCF4F08A954540054247B /* Debug */ = {
			isa = XCBuildConfiguration;
			buildSettings = {
				ARCHS = "$(ARCHS_STANDARD_32_BIT)";
				"CODE_SIGN_IDENTITY[sdk=iphoneos*]" = "iPhone Developer";
				GCC_C_LANGUAGE_STANDARD = c99;
				GCC_WARN_ABOUT_RETURN_TYPE = YES;
				GCC_WARN_UNUSED_VARIABLE = YES;
				PREBINDING = NO;
				SDKROOT = iphonesimulator4.0;
			};
			name = Debug;
		};
		C01FCF5008A954540054247B /* Release */ = {
			isa = XCBuildConfiguration;
			buildSettings = {
				ARCHS = "$(ARCHS_STANDARD_32_BIT)";
				"CODE_SIGN_IDENTITY[sdk=iphoneos*]" = "iPhone Developer";
				GCC_C_LANGUAGE_STANDARD = c99;
				GCC_WARN_ABOUT_RETURN_TYPE = YES;
				GCC_WARN_UNUSED_VARIABLE = YES;
				PREBINDING = NO;
				SDKROOT = iphonesimulator4.0;
			};
			name = Release;
		};
/* End XCBuildConfiguration section */

/* Begin XCConfigurationList section */
		1D6058960D05DD3E006BFB54 /* Build configuration list for PBXNativeTarget "GraphicsSample" */ = {
			isa = XCConfigurationList;
			buildConfigurations = (
				1D6058940D05DD3E006BFB54 /* Debug */,
				1D6058950D05DD3E006BFB54 /* Release */,
			);
			defaultConfigurationIsVisible = 0;
			defaultConfigurationName = Release;
		};
		C01FCF4E08A954540054247B /* Build configuration list for PBXProject "GraphicsSample" */ = {
			isa = XCConfigurationList;
			buildConfigurations = (
				C01FCF4F08A954540054247B /* Debug */,
				C01FCF5008A954540054247B /* Release */,
			);
			defaultConfigurationIsVisible = 0;
			defaultConfigurationName = Release;
		};
/* End XCConfigurationList section */
	};
	rootObject = 29B97313FDCFA39411CA2CEA /* Project object */;
}
