// !$*UTF8*$!
{
	archiveVersion = 1;
	classes = {
	};
	objectVersion = 46;
	objects = {

/* Begin PBXBuildFile section */
		84AB3C701BE78357007DF5E3 /* HomeViewController.m in Sources */ = {isa = PBXBuildFile; fileRef = 84AB3C6F1BE78357007DF5E3 /* HomeViewController.m */; settings = {ASSET_TAGS = (); }; };
		84AB3C731BE7836F007DF5E3 /* MessageViewController.m in Sources */ = {isa = PBXBuildFile; fileRef = 84AB3C721BE7836F007DF5E3 /* MessageViewController.m */; settings = {ASSET_TAGS = (); }; };
		84AB3C761BE7837C007DF5E3 /* SearchViewController.m in Sources */ = {isa = PBXBuildFile; fileRef = 84AB3C751BE7837C007DF5E3 /* SearchViewController.m */; settings = {ASSET_TAGS = (); }; };
		84AB3C791BE78387007DF5E3 /* SettingViewController.m in Sources */ = {isa = PBXBuildFile; fileRef = 84AB3C781BE78387007DF5E3 /* SettingViewController.m */; settings = {ASSET_TAGS = (); }; };
		84AB3C7B1BE7898B007DF5E3 /* 123@2x.png in Resources */ = {isa = PBXBuildFile; fileRef = 84AB3C7A1BE7898B007DF5E3 /* 123@2x.png */; settings = {ASSET_TAGS = (); }; };
		84B69E441BE7522700DE9319 /* main.m in Sources */ = {isa = PBXBuildFile; fileRef = 84B69E431BE7522700DE9319 /* main.m */; };
		84B69E471BE7522700DE9319 /* AppDelegate.m in Sources */ = {isa = PBXBuildFile; fileRef = 84B69E461BE7522700DE9319 /* AppDelegate.m */; };
		84B69E4A1BE7522700DE9319 /* ViewController.m in Sources */ = {isa = PBXBuildFile; fileRef = 84B69E491BE7522700DE9319 /* ViewController.m */; };
		84B69E4F1BE7522700DE9319 /* Assets.xcassets in Resources */ = {isa = PBXBuildFile; fileRef = 84B69E4E1BE7522700DE9319 /* Assets.xcassets */; };
		84B69E521BE7522700DE9319 /* LaunchScreen.storyboard in Resources */ = {isa = PBXBuildFile; fileRef = 84B69E501BE7522700DE9319 /* LaunchScreen.storyboard */; };
/* End PBXBuildFile section */

/* Begin PBXFileReference section */
		84AB3C6E1BE78357007DF5E3 /* HomeViewController.h */ = {isa = PBXFileReference; fileEncoding = 4; lastKnownFileType = sourcecode.c.h; path = HomeViewController.h; sourceTree = "<group>"; };
		84AB3C6F1BE78357007DF5E3 /* HomeViewController.m */ = {isa = PBXFileReference; fileEncoding = 4; lastKnownFileType = sourcecode.c.objc; path = HomeViewController.m; sourceTree = "<group>"; };
		84AB3C711BE7836F007DF5E3 /* MessageViewController.h */ = {isa = PBXFileReference; fileEncoding = 4; lastKnownFileType = sourcecode.c.h; path = MessageViewController.h; sourceTree = "<group>"; };
		84AB3C721BE7836F007DF5E3 /* MessageViewController.m */ = {isa = PBXFileReference; fileEncoding = 4; lastKnownFileType = sourcecode.c.objc; path = MessageViewController.m; sourceTree = "<group>"; };
		84AB3C741BE7837C007DF5E3 /* SearchViewController.h */ = {isa = PBXFileReference; fileEncoding = 4; lastKnownFileType = sourcecode.c.h; path = SearchViewController.h; sourceTree = "<group>"; };
		84AB3C751BE7837C007DF5E3 /* SearchViewController.m */ = {isa = PBXFileReference; fileEncoding = 4; lastKnownFileType = sourcecode.c.objc; path = SearchViewController.m; sourceTree = "<group>"; };
		84AB3C771BE78387007DF5E3 /* SettingViewController.h */ = {isa = PBXFileReference; fileEncoding = 4; lastKnownFileType = sourcecode.c.h; path = SettingViewController.h; sourceTree = "<group>"; };
		84AB3C781BE78387007DF5E3 /* SettingViewController.m */ = {isa = PBXFileReference; fileEncoding = 4; lastKnownFileType = sourcecode.c.objc; path = SettingViewController.m; sourceTree = "<group>"; };
		84AB3C7A1BE7898B007DF5E3 /* 123@2x.png */ = {isa = PBXFileReference; lastKnownFileType = image.png; path = "123@2x.png"; sourceTree = "<group>"; };
		84B69E3F1BE7522700DE9319 /* UITabBarController.app */ = {isa = PBXFileReference; explicitFileType = wrapper.application; includeInIndex = 0; path = UITabBarController.app; sourceTree = BUILT_PRODUCTS_DIR; };
		84B69E431BE7522700DE9319 /* main.m */ = {isa = PBXFileReference; lastKnownFileType = sourcecode.c.objc; path = main.m; sourceTree = "<group>"; };
		84B69E451BE7522700DE9319 /* AppDelegate.h */ = {isa = PBXFileReference; lastKnownFileType = sourcecode.c.h; path = AppDelegate.h; sourceTree = "<group>"; };
		84B69E461BE7522700DE9319 /* AppDelegate.m */ = {isa = PBXFileReference; lastKnownFileType = sourcecode.c.objc; path = AppDelegate.m; sourceTree = "<group>"; };
		84B69E481BE7522700DE9319 /* ViewController.h */ = {isa = PBXFileReference; lastKnownFileType = sourcecode.c.h; path = ViewController.h; sourceTree = "<group>"; };
		84B69E491BE7522700DE9319 /* ViewController.m */ = {isa = PBXFileReference; lastKnownFileType = sourcecode.c.objc; path = ViewController.m; sourceTree = "<group>"; };
		84B69E4E1BE7522700DE9319 /* Assets.xcassets */ = {isa = PBXFileReference; lastKnownFileType = folder.assetcatalog; path = Assets.xcassets; sourceTree = "<group>"; };
		84B69E511BE7522700DE9319 /* Base */ = {isa = PBXFileReference; lastKnownFileType = file.storyboard; name = Base; path = Base.lproj/LaunchScreen.storyboard; sourceTree = "<group>"; };
		84B69E531BE7522700DE9319 /* Info.plist */ = {isa = PBXFileReference; lastKnownFileType = text.plist.xml; path = Info.plist; sourceTree = "<group>"; };
/* End PBXFileReference section */

/* Begin PBXFrameworksBuildPhase section */
		84B69E3C1BE7522700DE9319 /* Frameworks */ = {
			isa = PBXFrameworksBuildPhase;
			buildActionMask = 2147483647;
			files = (
			);
			runOnlyForDeploymentPostprocessing = 0;
		};
/* End PBXFrameworksBuildPhase section */

/* Begin PBXGroup section */
		84B69E361BE7522700DE9319 = {
			isa = PBXGroup;
			children = (
				84B69E411BE7522700DE9319 /* UITabBarController */,
				84B69E401BE7522700DE9319 /* Products */,
			);
			sourceTree = "<group>";
		};
		84B69E401BE7522700DE9319 /* Products */ = {
			isa = PBXGroup;
			children = (
				84B69E3F1BE7522700DE9319 /* UITabBarController.app */,
			);
			name = Products;
			sourceTree = "<group>";
		};
		84B69E411BE7522700DE9319 /* UITabBarController */ = {
			isa = PBXGroup;
			children = (
				84B69E451BE7522700DE9319 /* AppDelegate.h */,
				84B69E461BE7522700DE9319 /* AppDelegate.m */,
				84B69E481BE7522700DE9319 /* ViewController.h */,
				84B69E491BE7522700DE9319 /* ViewController.m */,
				84B69E4E1BE7522700DE9319 /* Assets.xcassets */,
				84B69E501BE7522700DE9319 /* LaunchScreen.storyboard */,
				84B69E531BE7522700DE9319 /* Info.plist */,
				84B69E421BE7522700DE9319 /* Supporting Files */,
				84AB3C6E1BE78357007DF5E3 /* HomeViewController.h */,
				84AB3C6F1BE78357007DF5E3 /* HomeViewController.m */,
				84AB3C711BE7836F007DF5E3 /* MessageViewController.h */,
				84AB3C721BE7836F007DF5E3 /* MessageViewController.m */,
				84AB3C741BE7837C007DF5E3 /* SearchViewController.h */,
				84AB3C751BE7837C007DF5E3 /* SearchViewController.m */,
				84AB3C771BE78387007DF5E3 /* SettingViewController.h */,
				84AB3C781BE78387007DF5E3 /* SettingViewController.m */,
			);
			path = UITabBarController;
			sourceTree = "<group>";
		};
		84B69E421BE7522700DE9319 /* Supporting Files */ = {
			isa = PBXGroup;
			children = (
				84AB3C7A1BE7898B007DF5E3 /* 123@2x.png */,
				84B69E431BE7522700DE9319 /* main.m */,
			);
			name = "Supporting Files";
			sourceTree = "<group>";
		};
/* End PBXGroup section */

/* Begin PBXNativeTarget section */
		84B69E3E1BE7522700DE9319 /* UITabBarController */ = {
			isa = PBXNativeTarget;
			buildConfigurationList = 84B69E561BE7522700DE9319 /* Build configuration list for PBXNativeTarget "UITabBarController" */;
			buildPhases = (
				84B69E3B1BE7522700DE9319 /* Sources */,
				84B69E3C1BE7522700DE9319 /* Frameworks */,
				84B69E3D1BE7522700DE9319 /* Resources */,
			);
			buildRules = (
			);
			dependencies = (
			);
			name = UITabBarController;
			productName = UITabBarController;
			productReference = 84B69E3F1BE7522700DE9319 /* UITabBarController.app */;
			productType = "com.apple.product-type.application";
		};
/* End PBXNativeTarget section */

/* Begin PBXProject section */
		84B69E371BE7522700DE9319 /* Project object */ = {
			isa = PBXProject;
			attributes = {
				LastUpgradeCheck = 0700;
				ORGANIZATIONNAME = MyObjC;
				TargetAttributes = {
					84B69E3E1BE7522700DE9319 = {
						CreatedOnToolsVersion = 7.0;
					};
				};
			};
			buildConfigurationList = 84B69E3A1BE7522700DE9319 /* Build configuration list for PBXProject "UITabBarController" */;
			compatibilityVersion = "Xcode 3.2";
			developmentRegion = English;
			hasScannedForEncodings = 0;
			knownRegions = (
				en,
				Base,
			);
			mainGroup = 84B69E361BE7522700DE9319;
			productRefGroup = 84B69E401BE7522700DE9319 /* Products */;
			projectDirPath = "";
			projectRoot = "";
			targets = (
				84B69E3E1BE7522700DE9319 /* UITabBarController */,
			);
		};
/* End PBXProject section */

/* Begin PBXResourcesBuildPhase section */
		84B69E3D1BE7522700DE9319 /* Resources */ = {
			isa = PBXResourcesBuildPhase;
			buildActionMask = 2147483647;
			files = (
				84AB3C7B1BE7898B007DF5E3 /* 123@2x.png in Resources */,
				84B69E521BE7522700DE9319 /* LaunchScreen.storyboard in Resources */,
				84B69E4F1BE7522700DE9319 /* Assets.xcassets in Resources */,
			);
			runOnlyForDeploymentPostprocessing = 0;
		};
/* End PBXResourcesBuildPhase section */

/* Begin PBXSourcesBuildPhase section */
		84B69E3B1BE7522700DE9319 /* Sources */ = {
			isa = PBXSourcesBuildPhase;
			buildActionMask = 2147483647;
			files = (
				84B69E4A1BE7522700DE9319 /* ViewController.m in Sources */,
				84AB3C731BE7836F007DF5E3 /* MessageViewController.m in Sources */,
				84B69E471BE7522700DE9319 /* AppDelegate.m in Sources */,
				84AB3C791BE78387007DF5E3 /* SettingViewController.m in Sources */,
				84B69E441BE7522700DE9319 /* main.m in Sources */,
				84AB3C761BE7837C007DF5E3 /* SearchViewController.m in Sources */,
				84AB3C701BE78357007DF5E3 /* HomeViewController.m in Sources */,
			);
			runOnlyForDeploymentPostprocessing = 0;
		};
/* End PBXSourcesBuildPhase section */

/* Begin PBXVariantGroup section */
		84B69E501BE7522700DE9319 /* LaunchScreen.storyboard */ = {
			isa = PBXVariantGroup;
			children = (
				84B69E511BE7522700DE9319 /* Base */,
			);
			name = LaunchScreen.storyboard;
			sourceTree = "<group>";
		};
/* End PBXVariantGroup section */

/* Begin XCBuildConfiguration section */
		84B69E541BE7522700DE9319 /* Debug */ = {
			isa = XCBuildConfiguration;
			buildSettings = {
				ALWAYS_SEARCH_USER_PATHS = NO;
				CLANG_CXX_LANGUAGE_STANDARD = "gnu++0x";
				CLANG_CXX_LIBRARY = "libc++";
				CLANG_ENABLE_MODULES = YES;
				CLANG_ENABLE_OBJC_ARC = YES;
				CLANG_WARN_BOOL_CONVERSION = YES;
				CLANG_WARN_CONSTANT_CONVERSION = YES;
				CLANG_WARN_DIRECT_OBJC_ISA_USAGE = YES_ERROR;
				CLANG_WARN_EMPTY_BODY = YES;
				CLANG_WARN_ENUM_CONVERSION = YES;
				CLANG_WARN_INT_CONVERSION = YES;
				CLANG_WARN_OBJC_ROOT_CLASS = YES_ERROR;
				CLANG_WARN_UNREACHABLE_CODE = YES;
				CLANG_WARN__DUPLICATE_METHOD_MATCH = YES;
				"CODE_SIGN_IDENTITY[sdk=iphoneos*]" = "iPhone Developer";
				COPY_PHASE_STRIP = NO;
				DEBUG_INFORMATION_FORMAT = dwarf;
				ENABLE_STRICT_OBJC_MSGSEND = YES;
				ENABLE_TESTABILITY = YES;
				GCC_C_LANGUAGE_STANDARD = gnu99;
				GCC_DYNAMIC_NO_PIC = NO;
				GCC_NO_COMMON_BLOCKS = YES;
				GCC_OPTIMIZATION_LEVEL = 0;
				GCC_PREPROCESSOR_DEFINITIONS = (
					"DEBUG=1",
					"$(inherited)",
				);
				GCC_WARN_64_TO_32_BIT_CONVERSION = YES;
				GCC_WARN_ABOUT_RETURN_TYPE = YES_ERROR;
				GCC_WARN_UNDECLARED_SELECTOR = YES;
				GCC_WARN_UNINITIALIZED_AUTOS = YES_AGGRESSIVE;
				GCC_WARN_UNUSED_FUNCTION = YES;
				GCC_WARN_UNUSED_VARIABLE = YES;
				IPHONEOS_DEPLOYMENT_TARGET = 9.0;
				MTL_ENABLE_DEBUG_INFO = YES;
				ONLY_ACTIVE_ARCH = YES;
				SDKROOT = iphoneos;
				TARGETED_DEVICE_FAMILY = "1,2";
			};
			name = Debug;
		};
		84B69E551BE7522700DE9319 /* Release */ = {
			isa = XCBuildConfiguration;
			buildSettings = {
				ALWAYS_SEARCH_USER_PATHS = NO;
				CLANG_CXX_LANGUAGE_STANDARD = "gnu++0x";
				CLANG_CXX_LIBRARY = "libc++";
				CLANG_ENABLE_MODULES = YES;
				CLANG_ENABLE_OBJC_ARC = YES;
				CLANG_WARN_BOOL_CONVERSION = YES;
				CLANG_WARN_CONSTANT_CONVERSION = YES;
				CLANG_WARN_DIRECT_OBJC_ISA_USAGE = YES_ERROR;
				CLANG_WARN_EMPTY_BODY = YES;
				CLANG_WARN_ENUM_CONVERSION = YES;
				CLANG_WARN_INT_CONVERSION = YES;
				CLANG_WARN_OBJC_ROOT_CLASS = YES_ERROR;
				CLANG_WARN_UNREACHABLE_CODE = YES;
				CLANG_WARN__DUPLICATE_METHOD_MATCH = YES;
				"CODE_SIGN_IDENTITY[sdk=iphoneos*]" = "iPhone Developer";
				COPY_PHASE_STRIP = NO;
				DEBUG_INFORMATION_FORMAT = "dwarf-with-dsym";
				ENABLE_NS_ASSERTIONS = NO;
				ENABLE_STRICT_OBJC_MSGSEND = YES;
				GCC_C_LANGUAGE_STANDARD = gnu99;
				GCC_NO_COMMON_BLOCKS = YES;
				GCC_WARN_64_TO_32_BIT_CONVERSION = YES;
				GCC_WARN_ABOUT_RETURN_TYPE = YES_ERROR;
				GCC_WARN_UNDECLARED_SELECTOR = YES;
				GCC_WARN_UNINITIALIZED_AUTOS = YES_AGGRESSIVE;
				GCC_WARN_UNUSED_FUNCTION = YES;
				GCC_WARN_UNUSED_VARIABLE = YES;
				IPHONEOS_DEPLOYMENT_TARGET = 9.0;
				MTL_ENABLE_DEBUG_INFO = NO;
				SDKROOT = iphoneos;
				TARGETED_DEVICE_FAMILY = "1,2";
				VALIDATE_PRODUCT = YES;
			};
			name = Release;
		};
		84B69E571BE7522700DE9319 /* Debug */ = {
			isa = XCBuildConfiguration;
			buildSettings = {
				ASSETCATALOG_COMPILER_APPICON_NAME = AppIcon;
				INFOPLIST_FILE = UITabBarController/Info.plist;
				LD_RUNPATH_SEARCH_PATHS = "$(inherited) @executable_path/Frameworks";
				PRODUCT_BUNDLE_IDENTIFIER = com.MyObjC.UITabBarController;
				PRODUCT_NAME = "$(TARGET_NAME)";
			};
			name = Debug;
		};
		84B69E581BE7522700DE9319 /* Release */ = {
			isa = XCBuildConfiguration;
			buildSettings = {
				ASSETCATALOG_COMPILER_APPICON_NAME = AppIcon;
				INFOPLIST_FILE = UITabBarController/Info.plist;
				LD_RUNPATH_SEARCH_PATHS = "$(inherited) @executable_path/Frameworks";
				PRODUCT_BUNDLE_IDENTIFIER = com.MyObjC.UITabBarController;
				PRODUCT_NAME = "$(TARGET_NAME)";
			};
			name = Release;
		};
/* End XCBuildConfiguration section */

/* Begin XCConfigurationList section */
		84B69E3A1BE7522700DE9319 /* Build configuration list for PBXProject "UITabBarController" */ = {
			isa = XCConfigurationList;
			buildConfigurations = (
				84B69E541BE7522700DE9319 /* Debug */,
				84B69E551BE7522700DE9319 /* Release */,
			);
			defaultConfigurationIsVisible = 0;
			defaultConfigurationName = Release;
		};
		84B69E561BE7522700DE9319 /* Build configuration list for PBXNativeTarget "UITabBarController" */ = {
			isa = XCConfigurationList;
			buildConfigurations = (
				84B69E571BE7522700DE9319 /* Debug */,
				84B69E581BE7522700DE9319 /* Release */,
			);
			defaultConfigurationIsVisible = 0;
			defaultConfigurationName = Release;
		};
/* End XCConfigurationList section */
	};
	rootObject = 84B69E371BE7522700DE9319 /* Project object */;
}
